Microsoft Visual Studio Solution File, Format Version 11.00
# Visual Studio 2010
Project("{8BC9CEB8-8B4A-11D0-8D11-00A0C91BC942}") = "ALL_BUILD", "ALL_BUILD.vcxproj", "{1233D352-566B-31E4-A625-141D93C6CFDD}"
	ProjectSection(ProjectDependencies) = postProject
		{B05A25E5-5F87-3DAC-9F4B-1EB8E6699F1F} = {B05A25E5-5F87-3DAC-9F4B-1EB8E6699F1F}
		{DCE4B4E1-466B-3A31-A2B7-04D587E1FC52} = {DCE4B4E1-466B-3A31-A2B7-04D587E1FC52}
		{9689BED8-AD9E-37FA-A6FE-CD08EC0E77CD} = {9689BED8-AD9E-37FA-A6FE-CD08EC0E77CD}
		{CAD52691-0AE2-3391-B9AB-47F0614043F9} = {CAD52691-0AE2-3391-B9AB-47F0614043F9}
		{22E6D4DC-EB0C-398E-994B-D886A472C33A} = {22E6D4DC-EB0C-398E-994B-D886A472C33A}
		{6E307858-6953-3184-8B19-DBDEF877612D} = {6E307858-6953-3184-8B19-DBDEF877612D}
		{3C280CE3-D0F8-38B9-8D44-1F455599C4E5} = {3C280CE3-D0F8-38B9-8D44-1F455599C4E5}
		{FC6A8FAB-BECC-31B1-B3B9-3917D4F1F11C} = {FC6A8FAB-BECC-31B1-B3B9-3917D4F1F11C}
		{4FA3E04F-5ED9-3AFB-A69C-99B094440CF0} = {4FA3E04F-5ED9-3AFB-A69C-99B094440CF0}
		{BD40FC5E-162D-34B1-B6E6-2601B02AE7CE} = {BD40FC5E-162D-34B1-B6E6-2601B02AE7CE}
		{99B9342F-6E56-31F2-9A6E-E6FB6D140B0C} = {99B9342F-6E56-31F2-9A6E-E6FB6D140B0C}
		{90638F0A-BC59-37B7-995A-5D1FC6276CCD} = {90638F0A-BC59-37B7-995A-5D1FC6276CCD}
		{3778E19F-3808-390C-8D9A-A571A230F038} = {3778E19F-3808-390C-8D9A-A571A230F038}
		{A97F99A2-9E87-3FDC-8C8D-D71DE70ECDF9} = {A97F99A2-9E87-3FDC-8C8D-D71DE70ECDF9}
		{FF569B5D-B821-3A79-8FAA-FD04D799BBDA} = {FF569B5D-B821-3A79-8FAA-FD04D799BBDA}
		{C769C5D1-3DA4-33C0-9FA6-30B6CA5203EF} = {C769C5D1-3DA4-33C0-9FA6-30B6CA5203EF}
		{41A31816-25A9-3D31-AA72-73763DBA3E4F} = {41A31816-25A9-3D31-AA72-73763DBA3E4F}
		{9D3A57E7-E8DD-3E58-A0DE-E0B91B3986A4} = {9D3A57E7-E8DD-3E58-A0DE-E0B91B3986A4}
		{F293720C-AD34-367C-9A7D-DC23812BA802} = {F293720C-AD34-367C-9A7D-DC23812BA802}
		{336A13B0-64B8-333C-B5D2-0D5DB7337985} = {336A13B0-64B8-333C-B5D2-0D5DB7337985}
		{72716B0E-592E-3A7A-AA10-75B24059EE50} = {72716B0E-592E-3A7A-AA10-75B24059EE50}
		{4E2C7580-B0B5-3249-9055-7305F8A26D03} = {4E2C7580-B0B5-3249-9055-7305F8A26D03}
		{74623A83-EFE3-3FD2-9E6B-1B353B7FBB6E} = {74623A83-EFE3-3FD2-9E6B-1B353B7FBB6E}
		{C7B97F39-3702-3A17-8D09-367E05903C00} = {C7B97F39-3702-3A17-8D09-367E05903C00}
		{9825828B-1A1B-39A5-B3FA-688D3F685D4E} = {9825828B-1A1B-39A5-B3FA-688D3F685D4E}
		{22EA2C4A-44E2-3D04-B6E9-5AAAB863AEBC} = {22EA2C4A-44E2-3D04-B6E9-5AAAB863AEBC}
		{25C16976-25F3-301A-A035-0CC98E652702} = {25C16976-25F3-301A-A035-0CC98E652702}
		{73A96E69-FCAC-3F1A-98D8-70C16B8DB7FF} = {73A96E69-FCAC-3F1A-98D8-70C16B8DB7FF}
		{E03A4E11-68F4-304E-A840-BADA2B788290} = {E03A4E11-68F4-304E-A840-BADA2B788290}
		{4636984D-39B6-3292-9E7E-3D740501E653} = {4636984D-39B6-3292-9E7E-3D740501E653}
		{12526AF7-D22B-395E-B641-8EECFF7C5BEE} = {12526AF7-D22B-395E-B641-8EECFF7C5BEE}
		{0600160F-8117-3354-98E9-572184343989} = {0600160F-8117-3354-98E9-572184343989}
		{C3C6FFD0-7E7C-32DC-ACE0-7A8D18601D26} = {C3C6FFD0-7E7C-32DC-ACE0-7A8D18601D26}
		{961F88C0-72D5-39A3-8A09-AE63334C31FC} = {961F88C0-72D5-39A3-8A09-AE63334C31FC}
		{7655228A-C95C-3601-A893-32E72B5BFD4A} = {7655228A-C95C-3601-A893-32E72B5BFD4A}
		{FA32B094-3A3D-3344-B7D2-31A0A1F2657B} = {FA32B094-3A3D-3344-B7D2-31A0A1F2657B}
		{693ECB3A-2506-3B40-B25F-3287AC3E6F34} = {693ECB3A-2506-3B40-B25F-3287AC3E6F34}
		{E083186D-8B85-3385-B9CC-4280B9925D52} = {E083186D-8B85-3385-B9CC-4280B9925D52}
		{A20C01F7-46D3-3425-8D15-D058C35BDA78} = {A20C01F7-46D3-3425-8D15-D058C35BDA78}
		{1FDAF5D9-9AFC-3530-8D05-D01054CD44C2} = {1FDAF5D9-9AFC-3530-8D05-D01054CD44C2}
		{19E3DEAA-0B4F-390D-95DD-66D0B42D9DC3} = {19E3DEAA-0B4F-390D-95DD-66D0B42D9DC3}
		{4F3C11B7-CFF2-3CBF-BFE3-4FF88D0C51D4} = {4F3C11B7-CFF2-3CBF-BFE3-4FF88D0C51D4}
		{4C8222FF-8A5D-31C6-8134-3893C9D39A3F} = {4C8222FF-8A5D-31C6-8134-3893C9D39A3F}
		{3ED58D94-7086-33FC-90FC-EDDE487894B9} = {3ED58D94-7086-33FC-90FC-EDDE487894B9}
		{0EA625AE-7EAF-38AC-A846-99B8BF85FD59} = {0EA625AE-7EAF-38AC-A846-99B8BF85FD59}
		{47981A16-BBC2-3C23-9DB6-8E12EA6C2DA5} = {47981A16-BBC2-3C23-9DB6-8E12EA6C2DA5}
		{B1B0C36B-9EB1-37C8-AF84-A45768D6877E} = {B1B0C36B-9EB1-37C8-AF84-A45768D6877E}
	EndProjectSection
EndProject
Project("{8BC9CEB8-8B4A-11D0-8D11-00A0C91BC942}") = "INSTALL", "INSTALL.vcxproj", "{ACDB363D-4E0C-39ED-8B3B-1C542F525E1E}"
	ProjectSection(ProjectDependencies) = postProject
		{1233D352-566B-31E4-A625-141D93C6CFDD} = {1233D352-566B-31E4-A625-141D93C6CFDD}
	EndProjectSection
EndProject
Project("{8BC9CEB8-8B4A-11D0-8D11-00A0C91BC942}") = "OpenIGTLink", "..\Source\OpenIGTLink.vcxproj", "{27A6AFE1-6946-3F7E-86CE-99F8FCC44033}"
	ProjectSection(ProjectDependencies) = postProject
		{9E23F6B6-7BB7-3B36-9400-374A845568C9} = {9E23F6B6-7BB7-3B36-9400-374A845568C9}
	EndProjectSection
EndProject
Project("{8BC9CEB8-8B4A-11D0-8D11-00A0C91BC942}") = "RUN_TESTS", "RUN_TESTS.vcxproj", "{47F601C8-05C7-3516-847C-DAA54AA28123}"
	ProjectSection(ProjectDependencies) = postProject
	EndProjectSection
EndProject
Project("{8BC9CEB8-8B4A-11D0-8D11-00A0C91BC942}") = "ZERO_CHECK", "..\\ZERO_CHECK.vcxproj", "{9E23F6B6-7BB7-3B36-9400-374A845568C9}"
	ProjectSection(ProjectDependencies) = postProject
	EndProjectSection
EndProject
Project("{8BC9CEB8-8B4A-11D0-8D11-00A0C91BC942}") = "gmock", "gmock-build\gmock.vcxproj", "{B05A25E5-5F87-3DAC-9F4B-1EB8E6699F1F}"
	ProjectSection(ProjectDependencies) = postProject
		{9E23F6B6-7BB7-3B36-9400-374A845568C9} = {9E23F6B6-7BB7-3B36-9400-374A845568C9}
	EndProjectSection
EndProject
Project("{8BC9CEB8-8B4A-11D0-8D11-00A0C91BC942}") = "gmock_main", "gmock-build\gmock_main.vcxproj", "{DCE4B4E1-466B-3A31-A2B7-04D587E1FC52}"
	ProjectSection(ProjectDependencies) = postProject
		{9E23F6B6-7BB7-3B36-9400-374A845568C9} = {9E23F6B6-7BB7-3B36-9400-374A845568C9}
	EndProjectSection
EndProject
Project("{8BC9CEB8-8B4A-11D0-8D11-00A0C91BC942}") = "gtest", "gmock-build\gtest\gtest.vcxproj", "{9689BED8-AD9E-37FA-A6FE-CD08EC0E77CD}"
	ProjectSection(ProjectDependencies) = postProject
		{9E23F6B6-7BB7-3B36-9400-374A845568C9} = {9E23F6B6-7BB7-3B36-9400-374A845568C9}
	EndProjectSection
EndProject
Project("{8BC9CEB8-8B4A-11D0-8D11-00A0C91BC942}") = "gtest_main", "gmock-build\gtest\gtest_main.vcxproj", "{CAD52691-0AE2-3391-B9AB-47F0614043F9}"
	ProjectSection(ProjectDependencies) = postProject
		{9E23F6B6-7BB7-3B36-9400-374A845568C9} = {9E23F6B6-7BB7-3B36-9400-374A845568C9}
		{9689BED8-AD9E-37FA-A6FE-CD08EC0E77CD} = {9689BED8-AD9E-37FA-A6FE-CD08EC0E77CD}
	EndProjectSection
EndProject
Project("{8BC9CEB8-8B4A-11D0-8D11-00A0C91BC942}") = "igtlBindMessageTest", "igtlBindMessageTest.vcxproj", "{22E6D4DC-EB0C-398E-994B-D886A472C33A}"
	ProjectSection(ProjectDependencies) = postProject
		{27A6AFE1-6946-3F7E-86CE-99F8FCC44033} = {27A6AFE1-6946-3F7E-86CE-99F8FCC44033}
		{9E23F6B6-7BB7-3B36-9400-374A845568C9} = {9E23F6B6-7BB7-3B36-9400-374A845568C9}
		{B05A25E5-5F87-3DAC-9F4B-1EB8E6699F1F} = {B05A25E5-5F87-3DAC-9F4B-1EB8E6699F1F}
		{DCE4B4E1-466B-3A31-A2B7-04D587E1FC52} = {DCE4B4E1-466B-3A31-A2B7-04D587E1FC52}
		{9689BED8-AD9E-37FA-A6FE-CD08EC0E77CD} = {9689BED8-AD9E-37FA-A6FE-CD08EC0E77CD}
		{CAD52691-0AE2-3391-B9AB-47F0614043F9} = {CAD52691-0AE2-3391-B9AB-47F0614043F9}
	EndProjectSection
EndProject
Project("{8BC9CEB8-8B4A-11D0-8D11-00A0C91BC942}") = "igtlCapabilityMessageTest", "igtlCapabilityMessageTest.vcxproj", "{6E307858-6953-3184-8B19-DBDEF877612D}"
	ProjectSection(ProjectDependencies) = postProject
		{27A6AFE1-6946-3F7E-86CE-99F8FCC44033} = {27A6AFE1-6946-3F7E-86CE-99F8FCC44033}
		{9E23F6B6-7BB7-3B36-9400-374A845568C9} = {9E23F6B6-7BB7-3B36-9400-374A845568C9}
		{B05A25E5-5F87-3DAC-9F4B-1EB8E6699F1F} = {B05A25E5-5F87-3DAC-9F4B-1EB8E6699F1F}
		{DCE4B4E1-466B-3A31-A2B7-04D587E1FC52} = {DCE4B4E1-466B-3A31-A2B7-04D587E1FC52}
		{9689BED8-AD9E-37FA-A6FE-CD08EC0E77CD} = {9689BED8-AD9E-37FA-A6FE-CD08EC0E77CD}
		{CAD52691-0AE2-3391-B9AB-47F0614043F9} = {CAD52691-0AE2-3391-B9AB-47F0614043F9}
	EndProjectSection
EndProject
Project("{8BC9CEB8-8B4A-11D0-8D11-00A0C91BC942}") = "igtlColorTableMessageTest", "igtlColorTableMessageTest.vcxproj", "{3C280CE3-D0F8-38B9-8D44-1F455599C4E5}"
	ProjectSection(ProjectDependencies) = postProject
		{27A6AFE1-6946-3F7E-86CE-99F8FCC44033} = {27A6AFE1-6946-3F7E-86CE-99F8FCC44033}
		{9E23F6B6-7BB7-3B36-9400-374A845568C9} = {9E23F6B6-7BB7-3B36-9400-374A845568C9}
		{B05A25E5-5F87-3DAC-9F4B-1EB8E6699F1F} = {B05A25E5-5F87-3DAC-9F4B-1EB8E6699F1F}
		{DCE4B4E1-466B-3A31-A2B7-04D587E1FC52} = {DCE4B4E1-466B-3A31-A2B7-04D587E1FC52}
		{9689BED8-AD9E-37FA-A6FE-CD08EC0E77CD} = {9689BED8-AD9E-37FA-A6FE-CD08EC0E77CD}
		{CAD52691-0AE2-3391-B9AB-47F0614043F9} = {CAD52691-0AE2-3391-B9AB-47F0614043F9}
	EndProjectSection
EndProject
Project("{8BC9CEB8-8B4A-11D0-8D11-00A0C91BC942}") = "igtlCommandMessageTest", "igtlCommandMessageTest.vcxproj", "{FC6A8FAB-BECC-31B1-B3B9-3917D4F1F11C}"
	ProjectSection(ProjectDependencies) = postProject
		{27A6AFE1-6946-3F7E-86CE-99F8FCC44033} = {27A6AFE1-6946-3F7E-86CE-99F8FCC44033}
		{9E23F6B6-7BB7-3B36-9400-374A845568C9} = {9E23F6B6-7BB7-3B36-9400-374A845568C9}
		{B05A25E5-5F87-3DAC-9F4B-1EB8E6699F1F} = {B05A25E5-5F87-3DAC-9F4B-1EB8E6699F1F}
		{DCE4B4E1-466B-3A31-A2B7-04D587E1FC52} = {DCE4B4E1-466B-3A31-A2B7-04D587E1FC52}
		{9689BED8-AD9E-37FA-A6FE-CD08EC0E77CD} = {9689BED8-AD9E-37FA-A6FE-CD08EC0E77CD}
		{CAD52691-0AE2-3391-B9AB-47F0614043F9} = {CAD52691-0AE2-3391-B9AB-47F0614043F9}
	EndProjectSection
EndProject
Project("{8BC9CEB8-8B4A-11D0-8D11-00A0C91BC942}") = "igtlConditionVariableTest", "igtlConditionVariableTest.vcxproj", "{4FA3E04F-5ED9-3AFB-A69C-99B094440CF0}"
	ProjectSection(ProjectDependencies) = postProject
		{27A6AFE1-6946-3F7E-86CE-99F8FCC44033} = {27A6AFE1-6946-3F7E-86CE-99F8FCC44033}
		{9E23F6B6-7BB7-3B36-9400-374A845568C9} = {9E23F6B6-7BB7-3B36-9400-374A845568C9}
		{B05A25E5-5F87-3DAC-9F4B-1EB8E6699F1F} = {B05A25E5-5F87-3DAC-9F4B-1EB8E6699F1F}
		{DCE4B4E1-466B-3A31-A2B7-04D587E1FC52} = {DCE4B4E1-466B-3A31-A2B7-04D587E1FC52}
		{9689BED8-AD9E-37FA-A6FE-CD08EC0E77CD} = {9689BED8-AD9E-37FA-A6FE-CD08EC0E77CD}
		{CAD52691-0AE2-3391-B9AB-47F0614043F9} = {CAD52691-0AE2-3391-B9AB-47F0614043F9}
	EndProjectSection
EndProject
Project("{8BC9CEB8-8B4A-11D0-8D11-00A0C91BC942}") = "igtlImageMessage2Test", "igtlImageMessage2Test.vcxproj", "{BD40FC5E-162D-34B1-B6E6-2601B02AE7CE}"
	ProjectSection(ProjectDependencies) = postProject
		{27A6AFE1-6946-3F7E-86CE-99F8FCC44033} = {27A6AFE1-6946-3F7E-86CE-99F8FCC44033}
		{9E23F6B6-7BB7-3B36-9400-374A845568C9} = {9E23F6B6-7BB7-3B36-9400-374A845568C9}
		{B05A25E5-5F87-3DAC-9F4B-1EB8E6699F1F} = {B05A25E5-5F87-3DAC-9F4B-1EB8E6699F1F}
		{DCE4B4E1-466B-3A31-A2B7-04D587E1FC52} = {DCE4B4E1-466B-3A31-A2B7-04D587E1FC52}
		{9689BED8-AD9E-37FA-A6FE-CD08EC0E77CD} = {9689BED8-AD9E-37FA-A6FE-CD08EC0E77CD}
		{CAD52691-0AE2-3391-B9AB-47F0614043F9} = {CAD52691-0AE2-3391-B9AB-47F0614043F9}
	EndProjectSection
EndProject
Project("{8BC9CEB8-8B4A-11D0-8D11-00A0C91BC942}") = "igtlImageMessageTest", "igtlImageMessageTest.vcxproj", "{99B9342F-6E56-31F2-9A6E-E6FB6D140B0C}"
	ProjectSection(ProjectDependencies) = postProject
		{27A6AFE1-6946-3F7E-86CE-99F8FCC44033} = {27A6AFE1-6946-3F7E-86CE-99F8FCC44033}
		{9E23F6B6-7BB7-3B36-9400-374A845568C9} = {9E23F6B6-7BB7-3B36-9400-374A845568C9}
		{B05A25E5-5F87-3DAC-9F4B-1EB8E6699F1F} = {B05A25E5-5F87-3DAC-9F4B-1EB8E6699F1F}
		{DCE4B4E1-466B-3A31-A2B7-04D587E1FC52} = {DCE4B4E1-466B-3A31-A2B7-04D587E1FC52}
		{9689BED8-AD9E-37FA-A6FE-CD08EC0E77CD} = {9689BED8-AD9E-37FA-A6FE-CD08EC0E77CD}
		{CAD52691-0AE2-3391-B9AB-47F0614043F9} = {CAD52691-0AE2-3391-B9AB-47F0614043F9}
	EndProjectSection
EndProject
Project("{8BC9CEB8-8B4A-11D0-8D11-00A0C91BC942}") = "igtlImageMetaMessageTest", "igtlImageMetaMessageTest.vcxproj", "{90638F0A-BC59-37B7-995A-5D1FC6276CCD}"
	ProjectSection(ProjectDependencies) = postProject
		{27A6AFE1-6946-3F7E-86CE-99F8FCC44033} = {27A6AFE1-6946-3F7E-86CE-99F8FCC44033}
		{9E23F6B6-7BB7-3B36-9400-374A845568C9} = {9E23F6B6-7BB7-3B36-9400-374A845568C9}
		{B05A25E5-5F87-3DAC-9F4B-1EB8E6699F1F} = {B05A25E5-5F87-3DAC-9F4B-1EB8E6699F1F}
		{DCE4B4E1-466B-3A31-A2B7-04D587E1FC52} = {DCE4B4E1-466B-3A31-A2B7-04D587E1FC52}
		{9689BED8-AD9E-37FA-A6FE-CD08EC0E77CD} = {9689BED8-AD9E-37FA-A6FE-CD08EC0E77CD}
		{CAD52691-0AE2-3391-B9AB-47F0614043F9} = {CAD52691-0AE2-3391-B9AB-47F0614043F9}
	EndProjectSection
EndProject
Project("{8BC9CEB8-8B4A-11D0-8D11-00A0C91BC942}") = "igtlLabelMetaMessageTest", "igtlLabelMetaMessageTest.vcxproj", "{3778E19F-3808-390C-8D9A-A571A230F038}"
	ProjectSection(ProjectDependencies) = postProject
		{27A6AFE1-6946-3F7E-86CE-99F8FCC44033} = {27A6AFE1-6946-3F7E-86CE-99F8FCC44033}
		{9E23F6B6-7BB7-3B36-9400-374A845568C9} = {9E23F6B6-7BB7-3B36-9400-374A845568C9}
		{B05A25E5-5F87-3DAC-9F4B-1EB8E6699F1F} = {B05A25E5-5F87-3DAC-9F4B-1EB8E6699F1F}
		{DCE4B4E1-466B-3A31-A2B7-04D587E1FC52} = {DCE4B4E1-466B-3A31-A2B7-04D587E1FC52}
		{9689BED8-AD9E-37FA-A6FE-CD08EC0E77CD} = {9689BED8-AD9E-37FA-A6FE-CD08EC0E77CD}
		{CAD52691-0AE2-3391-B9AB-47F0614043F9} = {CAD52691-0AE2-3391-B9AB-47F0614043F9}
	EndProjectSection
EndProject
Project("{8BC9CEB8-8B4A-11D0-8D11-00A0C91BC942}") = "igtlMessageBaseTest", "igtlMessageBaseTest.vcxproj", "{A97F99A2-9E87-3FDC-8C8D-D71DE70ECDF9}"
	ProjectSection(ProjectDependencies) = postProject
		{27A6AFE1-6946-3F7E-86CE-99F8FCC44033} = {27A6AFE1-6946-3F7E-86CE-99F8FCC44033}
		{9E23F6B6-7BB7-3B36-9400-374A845568C9} = {9E23F6B6-7BB7-3B36-9400-374A845568C9}
		{B05A25E5-5F87-3DAC-9F4B-1EB8E6699F1F} = {B05A25E5-5F87-3DAC-9F4B-1EB8E6699F1F}
		{DCE4B4E1-466B-3A31-A2B7-04D587E1FC52} = {DCE4B4E1-466B-3A31-A2B7-04D587E1FC52}
		{9689BED8-AD9E-37FA-A6FE-CD08EC0E77CD} = {9689BED8-AD9E-37FA-A6FE-CD08EC0E77CD}
		{CAD52691-0AE2-3391-B9AB-47F0614043F9} = {CAD52691-0AE2-3391-B9AB-47F0614043F9}
	EndProjectSection
EndProject
Project("{8BC9CEB8-8B4A-11D0-8D11-00A0C91BC942}") = "igtlMessageFactoryTest", "igtlMessageFactoryTest.vcxproj", "{FF569B5D-B821-3A79-8FAA-FD04D799BBDA}"
	ProjectSection(ProjectDependencies) = postProject
		{27A6AFE1-6946-3F7E-86CE-99F8FCC44033} = {27A6AFE1-6946-3F7E-86CE-99F8FCC44033}
		{9E23F6B6-7BB7-3B36-9400-374A845568C9} = {9E23F6B6-7BB7-3B36-9400-374A845568C9}
	EndProjectSection
EndProject
Project("{8BC9CEB8-8B4A-11D0-8D11-00A0C91BC942}") = "igtlMultiThreaderTest1", "igtlMultiThreaderTest1.vcxproj", "{C769C5D1-3DA4-33C0-9FA6-30B6CA5203EF}"
	ProjectSection(ProjectDependencies) = postProject
		{27A6AFE1-6946-3F7E-86CE-99F8FCC44033} = {27A6AFE1-6946-3F7E-86CE-99F8FCC44033}
		{9E23F6B6-7BB7-3B36-9400-374A845568C9} = {9E23F6B6-7BB7-3B36-9400-374A845568C9}
	EndProjectSection
EndProject
Project("{8BC9CEB8-8B4A-11D0-8D11-00A0C91BC942}") = "igtlMultiThreaderTest2", "igtlMultiThreaderTest2.vcxproj", "{41A31816-25A9-3D31-AA72-73763DBA3E4F}"
	ProjectSection(ProjectDependencies) = postProject
		{27A6AFE1-6946-3F7E-86CE-99F8FCC44033} = {27A6AFE1-6946-3F7E-86CE-99F8FCC44033}
		{9E23F6B6-7BB7-3B36-9400-374A845568C9} = {9E23F6B6-7BB7-3B36-9400-374A845568C9}
	EndProjectSection
EndProject
Project("{8BC9CEB8-8B4A-11D0-8D11-00A0C91BC942}") = "igtlMultiThreaderTest3", "igtlMultiThreaderTest3.vcxproj", "{9D3A57E7-E8DD-3E58-A0DE-E0B91B3986A4}"
	ProjectSection(ProjectDependencies) = postProject
		{27A6AFE1-6946-3F7E-86CE-99F8FCC44033} = {27A6AFE1-6946-3F7E-86CE-99F8FCC44033}
		{9E23F6B6-7BB7-3B36-9400-374A845568C9} = {9E23F6B6-7BB7-3B36-9400-374A845568C9}
	EndProjectSection
EndProject
Project("{8BC9CEB8-8B4A-11D0-8D11-00A0C91BC942}") = "igtlNDArrayMessageTest", "igtlNDArrayMessageTest.vcxproj", "{F293720C-AD34-367C-9A7D-DC23812BA802}"
	ProjectSection(ProjectDependencies) = postProject
		{27A6AFE1-6946-3F7E-86CE-99F8FCC44033} = {27A6AFE1-6946-3F7E-86CE-99F8FCC44033}
		{9E23F6B6-7BB7-3B36-9400-374A845568C9} = {9E23F6B6-7BB7-3B36-9400-374A845568C9}
		{B05A25E5-5F87-3DAC-9F4B-1EB8E6699F1F} = {B05A25E5-5F87-3DAC-9F4B-1EB8E6699F1F}
		{DCE4B4E1-466B-3A31-A2B7-04D587E1FC52} = {DCE4B4E1-466B-3A31-A2B7-04D587E1FC52}
		{9689BED8-AD9E-37FA-A6FE-CD08EC0E77CD} = {9689BED8-AD9E-37FA-A6FE-CD08EC0E77CD}
		{CAD52691-0AE2-3391-B9AB-47F0614043F9} = {CAD52691-0AE2-3391-B9AB-47F0614043F9}
	EndProjectSection
EndProject
Project("{8BC9CEB8-8B4A-11D0-8D11-00A0C91BC942}") = "igtlPointMessageTest", "igtlPointMessageTest.vcxproj", "{336A13B0-64B8-333C-B5D2-0D5DB7337985}"
	ProjectSection(ProjectDependencies) = postProject
		{27A6AFE1-6946-3F7E-86CE-99F8FCC44033} = {27A6AFE1-6946-3F7E-86CE-99F8FCC44033}
		{9E23F6B6-7BB7-3B36-9400-374A845568C9} = {9E23F6B6-7BB7-3B36-9400-374A845568C9}
		{B05A25E5-5F87-3DAC-9F4B-1EB8E6699F1F} = {B05A25E5-5F87-3DAC-9F4B-1EB8E6699F1F}
		{DCE4B4E1-466B-3A31-A2B7-04D587E1FC52} = {DCE4B4E1-466B-3A31-A2B7-04D587E1FC52}
		{9689BED8-AD9E-37FA-A6FE-CD08EC0E77CD} = {9689BED8-AD9E-37FA-A6FE-CD08EC0E77CD}
		{CAD52691-0AE2-3391-B9AB-47F0614043F9} = {CAD52691-0AE2-3391-B9AB-47F0614043F9}
	EndProjectSection
EndProject
Project("{8BC9CEB8-8B4A-11D0-8D11-00A0C91BC942}") = "igtlPolyDataMessageTest", "igtlPolyDataMessageTest.vcxproj", "{72716B0E-592E-3A7A-AA10-75B24059EE50}"
	ProjectSection(ProjectDependencies) = postProject
		{27A6AFE1-6946-3F7E-86CE-99F8FCC44033} = {27A6AFE1-6946-3F7E-86CE-99F8FCC44033}
		{9E23F6B6-7BB7-3B36-9400-374A845568C9} = {9E23F6B6-7BB7-3B36-9400-374A845568C9}
		{B05A25E5-5F87-3DAC-9F4B-1EB8E6699F1F} = {B05A25E5-5F87-3DAC-9F4B-1EB8E6699F1F}
		{DCE4B4E1-466B-3A31-A2B7-04D587E1FC52} = {DCE4B4E1-466B-3A31-A2B7-04D587E1FC52}
		{9689BED8-AD9E-37FA-A6FE-CD08EC0E77CD} = {9689BED8-AD9E-37FA-A6FE-CD08EC0E77CD}
		{CAD52691-0AE2-3391-B9AB-47F0614043F9} = {CAD52691-0AE2-3391-B9AB-47F0614043F9}
	EndProjectSection
EndProject
Project("{8BC9CEB8-8B4A-11D0-8D11-00A0C91BC942}") = "igtlPositionMessageTest", "igtlPositionMessageTest.vcxproj", "{4E2C7580-B0B5-3249-9055-7305F8A26D03}"
	ProjectSection(ProjectDependencies) = postProject
		{27A6AFE1-6946-3F7E-86CE-99F8FCC44033} = {27A6AFE1-6946-3F7E-86CE-99F8FCC44033}
		{9E23F6B6-7BB7-3B36-9400-374A845568C9} = {9E23F6B6-7BB7-3B36-9400-374A845568C9}
		{B05A25E5-5F87-3DAC-9F4B-1EB8E6699F1F} = {B05A25E5-5F87-3DAC-9F4B-1EB8E6699F1F}
		{DCE4B4E1-466B-3A31-A2B7-04D587E1FC52} = {DCE4B4E1-466B-3A31-A2B7-04D587E1FC52}
		{9689BED8-AD9E-37FA-A6FE-CD08EC0E77CD} = {9689BED8-AD9E-37FA-A6FE-CD08EC0E77CD}
		{CAD52691-0AE2-3391-B9AB-47F0614043F9} = {CAD52691-0AE2-3391-B9AB-47F0614043F9}
	EndProjectSection
EndProject
Project("{8BC9CEB8-8B4A-11D0-8D11-00A0C91BC942}") = "igtlSensorMessageTest", "igtlSensorMessageTest.vcxproj", "{74623A83-EFE3-3FD2-9E6B-1B353B7FBB6E}"
	ProjectSection(ProjectDependencies) = postProject
		{27A6AFE1-6946-3F7E-86CE-99F8FCC44033} = {27A6AFE1-6946-3F7E-86CE-99F8FCC44033}
		{9E23F6B6-7BB7-3B36-9400-374A845568C9} = {9E23F6B6-7BB7-3B36-9400-374A845568C9}
		{B05A25E5-5F87-3DAC-9F4B-1EB8E6699F1F} = {B05A25E5-5F87-3DAC-9F4B-1EB8E6699F1F}
		{DCE4B4E1-466B-3A31-A2B7-04D587E1FC52} = {DCE4B4E1-466B-3A31-A2B7-04D587E1FC52}
		{9689BED8-AD9E-37FA-A6FE-CD08EC0E77CD} = {9689BED8-AD9E-37FA-A6FE-CD08EC0E77CD}
		{CAD52691-0AE2-3391-B9AB-47F0614043F9} = {CAD52691-0AE2-3391-B9AB-47F0614043F9}
	EndProjectSection
EndProject
Project("{8BC9CEB8-8B4A-11D0-8D11-00A0C91BC942}") = "igtlStatusMessageTest", "igtlStatusMessageTest.vcxproj", "{C7B97F39-3702-3A17-8D09-367E05903C00}"
	ProjectSection(ProjectDependencies) = postProject
		{27A6AFE1-6946-3F7E-86CE-99F8FCC44033} = {27A6AFE1-6946-3F7E-86CE-99F8FCC44033}
		{9E23F6B6-7BB7-3B36-9400-374A845568C9} = {9E23F6B6-7BB7-3B36-9400-374A845568C9}
		{B05A25E5-5F87-3DAC-9F4B-1EB8E6699F1F} = {B05A25E5-5F87-3DAC-9F4B-1EB8E6699F1F}
		{DCE4B4E1-466B-3A31-A2B7-04D587E1FC52} = {DCE4B4E1-466B-3A31-A2B7-04D587E1FC52}
		{9689BED8-AD9E-37FA-A6FE-CD08EC0E77CD} = {9689BED8-AD9E-37FA-A6FE-CD08EC0E77CD}
		{CAD52691-0AE2-3391-B9AB-47F0614043F9} = {CAD52691-0AE2-3391-B9AB-47F0614043F9}
	EndProjectSection
EndProject
Project("{8BC9CEB8-8B4A-11D0-8D11-00A0C91BC942}") = "igtlStringMessageTest", "igtlStringMessageTest.vcxproj", "{9825828B-1A1B-39A5-B3FA-688D3F685D4E}"
	ProjectSection(ProjectDependencies) = postProject
		{27A6AFE1-6946-3F7E-86CE-99F8FCC44033} = {27A6AFE1-6946-3F7E-86CE-99F8FCC44033}
		{9E23F6B6-7BB7-3B36-9400-374A845568C9} = {9E23F6B6-7BB7-3B36-9400-374A845568C9}
		{B05A25E5-5F87-3DAC-9F4B-1EB8E6699F1F} = {B05A25E5-5F87-3DAC-9F4B-1EB8E6699F1F}
		{DCE4B4E1-466B-3A31-A2B7-04D587E1FC52} = {DCE4B4E1-466B-3A31-A2B7-04D587E1FC52}
		{9689BED8-AD9E-37FA-A6FE-CD08EC0E77CD} = {9689BED8-AD9E-37FA-A6FE-CD08EC0E77CD}
		{CAD52691-0AE2-3391-B9AB-47F0614043F9} = {CAD52691-0AE2-3391-B9AB-47F0614043F9}
	EndProjectSection
EndProject
Project("{8BC9CEB8-8B4A-11D0-8D11-00A0C91BC942}") = "igtlTimeStampTest1", "igtlTimeStampTest1.vcxproj", "{22EA2C4A-44E2-3D04-B6E9-5AAAB863AEBC}"
	ProjectSection(ProjectDependencies) = postProject
		{27A6AFE1-6946-3F7E-86CE-99F8FCC44033} = {27A6AFE1-6946-3F7E-86CE-99F8FCC44033}
		{9E23F6B6-7BB7-3B36-9400-374A845568C9} = {9E23F6B6-7BB7-3B36-9400-374A845568C9}
	EndProjectSection
EndProject
Project("{8BC9CEB8-8B4A-11D0-8D11-00A0C91BC942}") = "igtlTrackingDataMessageTest", "igtlTrackingDataMessageTest.vcxproj", "{25C16976-25F3-301A-A035-0CC98E652702}"
	ProjectSection(ProjectDependencies) = postProject
		{27A6AFE1-6946-3F7E-86CE-99F8FCC44033} = {27A6AFE1-6946-3F7E-86CE-99F8FCC44033}
		{9E23F6B6-7BB7-3B36-9400-374A845568C9} = {9E23F6B6-7BB7-3B36-9400-374A845568C9}
		{B05A25E5-5F87-3DAC-9F4B-1EB8E6699F1F} = {B05A25E5-5F87-3DAC-9F4B-1EB8E6699F1F}
		{DCE4B4E1-466B-3A31-A2B7-04D587E1FC52} = {DCE4B4E1-466B-3A31-A2B7-04D587E1FC52}
		{9689BED8-AD9E-37FA-A6FE-CD08EC0E77CD} = {9689BED8-AD9E-37FA-A6FE-CD08EC0E77CD}
		{CAD52691-0AE2-3391-B9AB-47F0614043F9} = {CAD52691-0AE2-3391-B9AB-47F0614043F9}
	EndProjectSection
EndProject
Project("{8BC9CEB8-8B4A-11D0-8D11-00A0C91BC942}") = "igtlTrajectoryMessageTest", "igtlTrajectoryMessageTest.vcxproj", "{73A96E69-FCAC-3F1A-98D8-70C16B8DB7FF}"
	ProjectSection(ProjectDependencies) = postProject
		{27A6AFE1-6946-3F7E-86CE-99F8FCC44033} = {27A6AFE1-6946-3F7E-86CE-99F8FCC44033}
		{9E23F6B6-7BB7-3B36-9400-374A845568C9} = {9E23F6B6-7BB7-3B36-9400-374A845568C9}
		{B05A25E5-5F87-3DAC-9F4B-1EB8E6699F1F} = {B05A25E5-5F87-3DAC-9F4B-1EB8E6699F1F}
		{DCE4B4E1-466B-3A31-A2B7-04D587E1FC52} = {DCE4B4E1-466B-3A31-A2B7-04D587E1FC52}
		{9689BED8-AD9E-37FA-A6FE-CD08EC0E77CD} = {9689BED8-AD9E-37FA-A6FE-CD08EC0E77CD}
		{CAD52691-0AE2-3391-B9AB-47F0614043F9} = {CAD52691-0AE2-3391-B9AB-47F0614043F9}
	EndProjectSection
EndProject
Project("{8BC9CEB8-8B4A-11D0-8D11-00A0C91BC942}") = "igtlTransformMessageTest", "igtlTransformMessageTest.vcxproj", "{E03A4E11-68F4-304E-A840-BADA2B788290}"
	ProjectSection(ProjectDependencies) = postProject
		{27A6AFE1-6946-3F7E-86CE-99F8FCC44033} = {27A6AFE1-6946-3F7E-86CE-99F8FCC44033}
		{9E23F6B6-7BB7-3B36-9400-374A845568C9} = {9E23F6B6-7BB7-3B36-9400-374A845568C9}
		{B05A25E5-5F87-3DAC-9F4B-1EB8E6699F1F} = {B05A25E5-5F87-3DAC-9F4B-1EB8E6699F1F}
		{DCE4B4E1-466B-3A31-A2B7-04D587E1FC52} = {DCE4B4E1-466B-3A31-A2B7-04D587E1FC52}
		{9689BED8-AD9E-37FA-A6FE-CD08EC0E77CD} = {9689BED8-AD9E-37FA-A6FE-CD08EC0E77CD}
		{CAD52691-0AE2-3391-B9AB-47F0614043F9} = {CAD52691-0AE2-3391-B9AB-47F0614043F9}
	EndProjectSection
EndProject
Project("{8BC9CEB8-8B4A-11D0-8D11-00A0C91BC942}") = "igtl_bind_test", "igtlutil\igtl_bind_test.vcxproj", "{4636984D-39B6-3292-9E7E-3D740501E653}"
	ProjectSection(ProjectDependencies) = postProject
		{27A6AFE1-6946-3F7E-86CE-99F8FCC44033} = {27A6AFE1-6946-3F7E-86CE-99F8FCC44033}
		{9E23F6B6-7BB7-3B36-9400-374A845568C9} = {9E23F6B6-7BB7-3B36-9400-374A845568C9}
	EndProjectSection
EndProject
Project("{8BC9CEB8-8B4A-11D0-8D11-00A0C91BC942}") = "igtl_capability_test", "igtlutil\igtl_capability_test.vcxproj", "{12526AF7-D22B-395E-B641-8EECFF7C5BEE}"
	ProjectSection(ProjectDependencies) = postProject
		{27A6AFE1-6946-3F7E-86CE-99F8FCC44033} = {27A6AFE1-6946-3F7E-86CE-99F8FCC44033}
		{9E23F6B6-7BB7-3B36-9400-374A845568C9} = {9E23F6B6-7BB7-3B36-9400-374A845568C9}
	EndProjectSection
EndProject
Project("{8BC9CEB8-8B4A-11D0-8D11-00A0C91BC942}") = "igtl_colortable_test", "igtlutil\igtl_colortable_test.vcxproj", "{0600160F-8117-3354-98E9-572184343989}"
	ProjectSection(ProjectDependencies) = postProject
		{27A6AFE1-6946-3F7E-86CE-99F8FCC44033} = {27A6AFE1-6946-3F7E-86CE-99F8FCC44033}
		{9E23F6B6-7BB7-3B36-9400-374A845568C9} = {9E23F6B6-7BB7-3B36-9400-374A845568C9}
	EndProjectSection
EndProject
Project("{8BC9CEB8-8B4A-11D0-8D11-00A0C91BC942}") = "igtl_header_test", "igtlutil\igtl_header_test.vcxproj", "{C3C6FFD0-7E7C-32DC-ACE0-7A8D18601D26}"
	ProjectSection(ProjectDependencies) = postProject
		{27A6AFE1-6946-3F7E-86CE-99F8FCC44033} = {27A6AFE1-6946-3F7E-86CE-99F8FCC44033}
		{9E23F6B6-7BB7-3B36-9400-374A845568C9} = {9E23F6B6-7BB7-3B36-9400-374A845568C9}
	EndProjectSection
EndProject
Project("{8BC9CEB8-8B4A-11D0-8D11-00A0C91BC942}") = "igtl_image_test", "igtlutil\igtl_image_test.vcxproj", "{961F88C0-72D5-39A3-8A09-AE63334C31FC}"
	ProjectSection(ProjectDependencies) = postProject
		{27A6AFE1-6946-3F7E-86CE-99F8FCC44033} = {27A6AFE1-6946-3F7E-86CE-99F8FCC44033}
		{9E23F6B6-7BB7-3B36-9400-374A845568C9} = {9E23F6B6-7BB7-3B36-9400-374A845568C9}
	EndProjectSection
EndProject
Project("{8BC9CEB8-8B4A-11D0-8D11-00A0C91BC942}") = "igtl_imgmeta_test", "igtlutil\igtl_imgmeta_test.vcxproj", "{7655228A-C95C-3601-A893-32E72B5BFD4A}"
	ProjectSection(ProjectDependencies) = postProject
		{27A6AFE1-6946-3F7E-86CE-99F8FCC44033} = {27A6AFE1-6946-3F7E-86CE-99F8FCC44033}
		{9E23F6B6-7BB7-3B36-9400-374A845568C9} = {9E23F6B6-7BB7-3B36-9400-374A845568C9}
	EndProjectSection
EndProject
Project("{8BC9CEB8-8B4A-11D0-8D11-00A0C91BC942}") = "igtl_lbmeta_test", "igtlutil\igtl_lbmeta_test.vcxproj", "{FA32B094-3A3D-3344-B7D2-31A0A1F2657B}"
	ProjectSection(ProjectDependencies) = postProject
		{27A6AFE1-6946-3F7E-86CE-99F8FCC44033} = {27A6AFE1-6946-3F7E-86CE-99F8FCC44033}
		{9E23F6B6-7BB7-3B36-9400-374A845568C9} = {9E23F6B6-7BB7-3B36-9400-374A845568C9}
	EndProjectSection
EndProject
Project("{8BC9CEB8-8B4A-11D0-8D11-00A0C91BC942}") = "igtl_ndarray_test", "igtlutil\igtl_ndarray_test.vcxproj", "{693ECB3A-2506-3B40-B25F-3287AC3E6F34}"
	ProjectSection(ProjectDependencies) = postProject
		{27A6AFE1-6946-3F7E-86CE-99F8FCC44033} = {27A6AFE1-6946-3F7E-86CE-99F8FCC44033}
		{9E23F6B6-7BB7-3B36-9400-374A845568C9} = {9E23F6B6-7BB7-3B36-9400-374A845568C9}
	EndProjectSection
EndProject
Project("{8BC9CEB8-8B4A-11D0-8D11-00A0C91BC942}") = "igtl_point_test", "igtlutil\igtl_point_test.vcxproj", "{E083186D-8B85-3385-B9CC-4280B9925D52}"
	ProjectSection(ProjectDependencies) = postProject
		{27A6AFE1-6946-3F7E-86CE-99F8FCC44033} = {27A6AFE1-6946-3F7E-86CE-99F8FCC44033}
		{9E23F6B6-7BB7-3B36-9400-374A845568C9} = {9E23F6B6-7BB7-3B36-9400-374A845568C9}
	EndProjectSection
EndProject
Project("{8BC9CEB8-8B4A-11D0-8D11-00A0C91BC942}") = "igtl_polydata_test", "igtlutil\igtl_polydata_test.vcxproj", "{A20C01F7-46D3-3425-8D15-D058C35BDA78}"
	ProjectSection(ProjectDependencies) = postProject
		{27A6AFE1-6946-3F7E-86CE-99F8FCC44033} = {27A6AFE1-6946-3F7E-86CE-99F8FCC44033}
		{9E23F6B6-7BB7-3B36-9400-374A845568C9} = {9E23F6B6-7BB7-3B36-9400-374A845568C9}
	EndProjectSection
EndProject
Project("{8BC9CEB8-8B4A-11D0-8D11-00A0C91BC942}") = "igtl_position_test", "igtlutil\igtl_position_test.vcxproj", "{1FDAF5D9-9AFC-3530-8D05-D01054CD44C2}"
	ProjectSection(ProjectDependencies) = postProject
		{27A6AFE1-6946-3F7E-86CE-99F8FCC44033} = {27A6AFE1-6946-3F7E-86CE-99F8FCC44033}
		{9E23F6B6-7BB7-3B36-9400-374A845568C9} = {9E23F6B6-7BB7-3B36-9400-374A845568C9}
	EndProjectSection
EndProject
Project("{8BC9CEB8-8B4A-11D0-8D11-00A0C91BC942}") = "igtl_sensor_test", "igtlutil\igtl_sensor_test.vcxproj", "{19E3DEAA-0B4F-390D-95DD-66D0B42D9DC3}"
	ProjectSection(ProjectDependencies) = postProject
		{27A6AFE1-6946-3F7E-86CE-99F8FCC44033} = {27A6AFE1-6946-3F7E-86CE-99F8FCC44033}
		{9E23F6B6-7BB7-3B36-9400-374A845568C9} = {9E23F6B6-7BB7-3B36-9400-374A845568C9}
	EndProjectSection
EndProject
Project("{8BC9CEB8-8B4A-11D0-8D11-00A0C91BC942}") = "igtl_status_test", "igtlutil\igtl_status_test.vcxproj", "{4F3C11B7-CFF2-3CBF-BFE3-4FF88D0C51D4}"
	ProjectSection(ProjectDependencies) = postProject
		{27A6AFE1-6946-3F7E-86CE-99F8FCC44033} = {27A6AFE1-6946-3F7E-86CE-99F8FCC44033}
		{9E23F6B6-7BB7-3B36-9400-374A845568C9} = {9E23F6B6-7BB7-3B36-9400-374A845568C9}
	EndProjectSection
EndProject
Project("{8BC9CEB8-8B4A-11D0-8D11-00A0C91BC942}") = "igtl_string_test", "igtlutil\igtl_string_test.vcxproj", "{4C8222FF-8A5D-31C6-8134-3893C9D39A3F}"
	ProjectSection(ProjectDependencies) = postProject
		{27A6AFE1-6946-3F7E-86CE-99F8FCC44033} = {27A6AFE1-6946-3F7E-86CE-99F8FCC44033}
		{9E23F6B6-7BB7-3B36-9400-374A845568C9} = {9E23F6B6-7BB7-3B36-9400-374A845568C9}
	EndProjectSection
EndProject
Project("{8BC9CEB8-8B4A-11D0-8D11-00A0C91BC942}") = "igtl_tdata_test", "igtlutil\igtl_tdata_test.vcxproj", "{3ED58D94-7086-33FC-90FC-EDDE487894B9}"
	ProjectSection(ProjectDependencies) = postProject
		{27A6AFE1-6946-3F7E-86CE-99F8FCC44033} = {27A6AFE1-6946-3F7E-86CE-99F8FCC44033}
		{9E23F6B6-7BB7-3B36-9400-374A845568C9} = {9E23F6B6-7BB7-3B36-9400-374A845568C9}
	EndProjectSection
EndProject
Project("{8BC9CEB8-8B4A-11D0-8D11-00A0C91BC942}") = "igtl_trajectory_test", "igtlutil\igtl_trajectory_test.vcxproj", "{0EA625AE-7EAF-38AC-A846-99B8BF85FD59}"
	ProjectSection(ProjectDependencies) = postProject
		{27A6AFE1-6946-3F7E-86CE-99F8FCC44033} = {27A6AFE1-6946-3F7E-86CE-99F8FCC44033}
		{9E23F6B6-7BB7-3B36-9400-374A845568C9} = {9E23F6B6-7BB7-3B36-9400-374A845568C9}
	EndProjectSection
EndProject
Project("{8BC9CEB8-8B4A-11D0-8D11-00A0C91BC942}") = "igtl_transform_test", "igtlutil\igtl_transform_test.vcxproj", "{47981A16-BBC2-3C23-9DB6-8E12EA6C2DA5}"
	ProjectSection(ProjectDependencies) = postProject
		{27A6AFE1-6946-3F7E-86CE-99F8FCC44033} = {27A6AFE1-6946-3F7E-86CE-99F8FCC44033}
		{9E23F6B6-7BB7-3B36-9400-374A845568C9} = {9E23F6B6-7BB7-3B36-9400-374A845568C9}
	EndProjectSection
EndProject
Project("{8BC9CEB8-8B4A-11D0-8D11-00A0C91BC942}") = "igtl_util_test", "igtlutil\igtl_util_test.vcxproj", "{B1B0C36B-9EB1-37C8-AF84-A45768D6877E}"
	ProjectSection(ProjectDependencies) = postProject
		{27A6AFE1-6946-3F7E-86CE-99F8FCC44033} = {27A6AFE1-6946-3F7E-86CE-99F8FCC44033}
		{9E23F6B6-7BB7-3B36-9400-374A845568C9} = {9E23F6B6-7BB7-3B36-9400-374A845568C9}
	EndProjectSection
EndProject
Global
	GlobalSection(SolutionConfigurationPlatforms) = preSolution
		Debug|Win32 = Debug|Win32
		Release|Win32 = Release|Win32
		MinSizeRel|Win32 = MinSizeRel|Win32
		RelWithDebInfo|Win32 = RelWithDebInfo|Win32
	EndGlobalSection
	GlobalSection(ProjectConfigurationPlatforms) = postSolution
		{1233D352-566B-31E4-A625-141D93C6CFDD}.Debug|Win32.ActiveCfg = Debug|Win32
		{1233D352-566B-31E4-A625-141D93C6CFDD}.Debug|Win32.Build.0 = Debug|Win32
		{1233D352-566B-31E4-A625-141D93C6CFDD}.Release|Win32.ActiveCfg = Release|Win32
		{1233D352-566B-31E4-A625-141D93C6CFDD}.Release|Win32.Build.0 = Release|Win32
		{1233D352-566B-31E4-A625-141D93C6CFDD}.MinSizeRel|Win32.ActiveCfg = MinSizeRel|Win32
		{1233D352-566B-31E4-A625-141D93C6CFDD}.MinSizeRel|Win32.Build.0 = MinSizeRel|Win32
		{1233D352-566B-31E4-A625-141D93C6CFDD}.RelWithDebInfo|Win32.ActiveCfg = RelWithDebInfo|Win32
		{1233D352-566B-31E4-A625-141D93C6CFDD}.RelWithDebInfo|Win32.Build.0 = RelWithDebInfo|Win32
		{ACDB363D-4E0C-39ED-8B3B-1C542F525E1E}.Debug|Win32.ActiveCfg = Debug|Win32
		{ACDB363D-4E0C-39ED-8B3B-1C542F525E1E}.Release|Win32.ActiveCfg = Release|Win32
		{ACDB363D-4E0C-39ED-8B3B-1C542F525E1E}.MinSizeRel|Win32.ActiveCfg = MinSizeRel|Win32
		{ACDB363D-4E0C-39ED-8B3B-1C542F525E1E}.RelWithDebInfo|Win32.ActiveCfg = RelWithDebInfo|Win32
		{27A6AFE1-6946-3F7E-86CE-99F8FCC44033}.Debug|Win32.ActiveCfg = Debug|Win32
		{27A6AFE1-6946-3F7E-86CE-99F8FCC44033}.Debug|Win32.Build.0 = Debug|Win32
		{27A6AFE1-6946-3F7E-86CE-99F8FCC44033}.Release|Win32.ActiveCfg = Release|Win32
		{27A6AFE1-6946-3F7E-86CE-99F8FCC44033}.Release|Win32.Build.0 = Release|Win32
		{27A6AFE1-6946-3F7E-86CE-99F8FCC44033}.MinSizeRel|Win32.ActiveCfg = MinSizeRel|Win32
		{27A6AFE1-6946-3F7E-86CE-99F8FCC44033}.MinSizeRel|Win32.Build.0 = MinSizeRel|Win32
		{27A6AFE1-6946-3F7E-86CE-99F8FCC44033}.RelWithDebInfo|Win32.ActiveCfg = RelWithDebInfo|Win32
		{27A6AFE1-6946-3F7E-86CE-99F8FCC44033}.RelWithDebInfo|Win32.Build.0 = RelWithDebInfo|Win32
		{47F601C8-05C7-3516-847C-DAA54AA28123}.Debug|Win32.ActiveCfg = Debug|Win32
		{47F601C8-05C7-3516-847C-DAA54AA28123}.Release|Win32.ActiveCfg = Release|Win32
		{47F601C8-05C7-3516-847C-DAA54AA28123}.MinSizeRel|Win32.ActiveCfg = MinSizeRel|Win32
		{47F601C8-05C7-3516-847C-DAA54AA28123}.RelWithDebInfo|Win32.ActiveCfg = RelWithDebInfo|Win32
		{9E23F6B6-7BB7-3B36-9400-374A845568C9}.Debug|Win32.ActiveCfg = Debug|Win32
		{9E23F6B6-7BB7-3B36-9400-374A845568C9}.Debug|Win32.Build.0 = Debug|Win32
		{9E23F6B6-7BB7-3B36-9400-374A845568C9}.Release|Win32.ActiveCfg = Release|Win32
		{9E23F6B6-7BB7-3B36-9400-374A845568C9}.Release|Win32.Build.0 = Release|Win32
		{9E23F6B6-7BB7-3B36-9400-374A845568C9}.MinSizeRel|Win32.ActiveCfg = MinSizeRel|Win32
		{9E23F6B6-7BB7-3B36-9400-374A845568C9}.MinSizeRel|Win32.Build.0 = MinSizeRel|Win32
		{9E23F6B6-7BB7-3B36-9400-374A845568C9}.RelWithDebInfo|Win32.ActiveCfg = RelWithDebInfo|Win32
		{9E23F6B6-7BB7-3B36-9400-374A845568C9}.RelWithDebInfo|Win32.Build.0 = RelWithDebInfo|Win32
		{B05A25E5-5F87-3DAC-9F4B-1EB8E6699F1F}.Debug|Win32.ActiveCfg = Debug|Win32
		{B05A25E5-5F87-3DAC-9F4B-1EB8E6699F1F}.Debug|Win32.Build.0 = Debug|Win32
		{B05A25E5-5F87-3DAC-9F4B-1EB8E6699F1F}.Release|Win32.ActiveCfg = Release|Win32
		{B05A25E5-5F87-3DAC-9F4B-1EB8E6699F1F}.Release|Win32.Build.0 = Release|Win32
		{B05A25E5-5F87-3DAC-9F4B-1EB8E6699F1F}.MinSizeRel|Win32.ActiveCfg = MinSizeRel|Win32
		{B05A25E5-5F87-3DAC-9F4B-1EB8E6699F1F}.MinSizeRel|Win32.Build.0 = MinSizeRel|Win32
		{B05A25E5-5F87-3DAC-9F4B-1EB8E6699F1F}.RelWithDebInfo|Win32.ActiveCfg = RelWithDebInfo|Win32
		{B05A25E5-5F87-3DAC-9F4B-1EB8E6699F1F}.RelWithDebInfo|Win32.Build.0 = RelWithDebInfo|Win32
		{DCE4B4E1-466B-3A31-A2B7-04D587E1FC52}.Debug|Win32.ActiveCfg = Debug|Win32
		{DCE4B4E1-466B-3A31-A2B7-04D587E1FC52}.Debug|Win32.Build.0 = Debug|Win32
		{DCE4B4E1-466B-3A31-A2B7-04D587E1FC52}.Release|Win32.ActiveCfg = Release|Win32
		{DCE4B4E1-466B-3A31-A2B7-04D587E1FC52}.Release|Win32.Build.0 = Release|Win32
		{DCE4B4E1-466B-3A31-A2B7-04D587E1FC52}.MinSizeRel|Win32.ActiveCfg = MinSizeRel|Win32
		{DCE4B4E1-466B-3A31-A2B7-04D587E1FC52}.MinSizeRel|Win32.Build.0 = MinSizeRel|Win32
		{DCE4B4E1-466B-3A31-A2B7-04D587E1FC52}.RelWithDebInfo|Win32.ActiveCfg = RelWithDebInfo|Win32
		{DCE4B4E1-466B-3A31-A2B7-04D587E1FC52}.RelWithDebInfo|Win32.Build.0 = RelWithDebInfo|Win32
		{9689BED8-AD9E-37FA-A6FE-CD08EC0E77CD}.Debug|Win32.ActiveCfg = Debug|Win32
		{9689BED8-AD9E-37FA-A6FE-CD08EC0E77CD}.Debug|Win32.Build.0 = Debug|Win32
		{9689BED8-AD9E-37FA-A6FE-CD08EC0E77CD}.Release|Win32.ActiveCfg = Release|Win32
		{9689BED8-AD9E-37FA-A6FE-CD08EC0E77CD}.Release|Win32.Build.0 = Release|Win32
		{9689BED8-AD9E-37FA-A6FE-CD08EC0E77CD}.MinSizeRel|Win32.ActiveCfg = MinSizeRel|Win32
		{9689BED8-AD9E-37FA-A6FE-CD08EC0E77CD}.MinSizeRel|Win32.Build.0 = MinSizeRel|Win32
		{9689BED8-AD9E-37FA-A6FE-CD08EC0E77CD}.RelWithDebInfo|Win32.ActiveCfg = RelWithDebInfo|Win32
		{9689BED8-AD9E-37FA-A6FE-CD08EC0E77CD}.RelWithDebInfo|Win32.Build.0 = RelWithDebInfo|Win32
		{CAD52691-0AE2-3391-B9AB-47F0614043F9}.Debug|Win32.ActiveCfg = Debug|Win32
		{CAD52691-0AE2-3391-B9AB-47F0614043F9}.Debug|Win32.Build.0 = Debug|Win32
		{CAD52691-0AE2-3391-B9AB-47F0614043F9}.Release|Win32.ActiveCfg = Release|Win32
		{CAD52691-0AE2-3391-B9AB-47F0614043F9}.Release|Win32.Build.0 = Release|Win32
		{CAD52691-0AE2-3391-B9AB-47F0614043F9}.MinSizeRel|Win32.ActiveCfg = MinSizeRel|Win32
		{CAD52691-0AE2-3391-B9AB-47F0614043F9}.MinSizeRel|Win32.Build.0 = MinSizeRel|Win32
		{CAD52691-0AE2-3391-B9AB-47F0614043F9}.RelWithDebInfo|Win32.ActiveCfg = RelWithDebInfo|Win32
		{CAD52691-0AE2-3391-B9AB-47F0614043F9}.RelWithDebInfo|Win32.Build.0 = RelWithDebInfo|Win32
		{22E6D4DC-EB0C-398E-994B-D886A472C33A}.Debug|Win32.ActiveCfg = Debug|Win32
		{22E6D4DC-EB0C-398E-994B-D886A472C33A}.Debug|Win32.Build.0 = Debug|Win32
		{22E6D4DC-EB0C-398E-994B-D886A472C33A}.Release|Win32.ActiveCfg = Release|Win32
		{22E6D4DC-EB0C-398E-994B-D886A472C33A}.Release|Win32.Build.0 = Release|Win32
		{22E6D4DC-EB0C-398E-994B-D886A472C33A}.MinSizeRel|Win32.ActiveCfg = MinSizeRel|Win32
		{22E6D4DC-EB0C-398E-994B-D886A472C33A}.MinSizeRel|Win32.Build.0 = MinSizeRel|Win32
		{22E6D4DC-EB0C-398E-994B-D886A472C33A}.RelWithDebInfo|Win32.ActiveCfg = RelWithDebInfo|Win32
		{22E6D4DC-EB0C-398E-994B-D886A472C33A}.RelWithDebInfo|Win32.Build.0 = RelWithDebInfo|Win32
		{6E307858-6953-3184-8B19-DBDEF877612D}.Debug|Win32.ActiveCfg = Debug|Win32
		{6E307858-6953-3184-8B19-DBDEF877612D}.Debug|Win32.Build.0 = Debug|Win32
		{6E307858-6953-3184-8B19-DBDEF877612D}.Release|Win32.ActiveCfg = Release|Win32
		{6E307858-6953-3184-8B19-DBDEF877612D}.Release|Win32.Build.0 = Release|Win32
		{6E307858-6953-3184-8B19-DBDEF877612D}.MinSizeRel|Win32.ActiveCfg = MinSizeRel|Win32
		{6E307858-6953-3184-8B19-DBDEF877612D}.MinSizeRel|Win32.Build.0 = MinSizeRel|Win32
		{6E307858-6953-3184-8B19-DBDEF877612D}.RelWithDebInfo|Win32.ActiveCfg = RelWithDebInfo|Win32
		{6E307858-6953-3184-8B19-DBDEF877612D}.RelWithDebInfo|Win32.Build.0 = RelWithDebInfo|Win32
		{3C280CE3-D0F8-38B9-8D44-1F455599C4E5}.Debug|Win32.ActiveCfg = Debug|Win32
		{3C280CE3-D0F8-38B9-8D44-1F455599C4E5}.Debug|Win32.Build.0 = Debug|Win32
		{3C280CE3-D0F8-38B9-8D44-1F455599C4E5}.Release|Win32.ActiveCfg = Release|Win32
		{3C280CE3-D0F8-38B9-8D44-1F455599C4E5}.Release|Win32.Build.0 = Release|Win32
		{3C280CE3-D0F8-38B9-8D44-1F455599C4E5}.MinSizeRel|Win32.ActiveCfg = MinSizeRel|Win32
		{3C280CE3-D0F8-38B9-8D44-1F455599C4E5}.MinSizeRel|Win32.Build.0 = MinSizeRel|Win32
		{3C280CE3-D0F8-38B9-8D44-1F455599C4E5}.RelWithDebInfo|Win32.ActiveCfg = RelWithDebInfo|Win32
		{3C280CE3-D0F8-38B9-8D44-1F455599C4E5}.RelWithDebInfo|Win32.Build.0 = RelWithDebInfo|Win32
		{FC6A8FAB-BECC-31B1-B3B9-3917D4F1F11C}.Debug|Win32.ActiveCfg = Debug|Win32
		{FC6A8FAB-BECC-31B1-B3B9-3917D4F1F11C}.Debug|Win32.Build.0 = Debug|Win32
		{FC6A8FAB-BECC-31B1-B3B9-3917D4F1F11C}.Release|Win32.ActiveCfg = Release|Win32
		{FC6A8FAB-BECC-31B1-B3B9-3917D4F1F11C}.Release|Win32.Build.0 = Release|Win32
		{FC6A8FAB-BECC-31B1-B3B9-3917D4F1F11C}.MinSizeRel|Win32.ActiveCfg = MinSizeRel|Win32
		{FC6A8FAB-BECC-31B1-B3B9-3917D4F1F11C}.MinSizeRel|Win32.Build.0 = MinSizeRel|Win32
		{FC6A8FAB-BECC-31B1-B3B9-3917D4F1F11C}.RelWithDebInfo|Win32.ActiveCfg = RelWithDebInfo|Win32
		{FC6A8FAB-BECC-31B1-B3B9-3917D4F1F11C}.RelWithDebInfo|Win32.Build.0 = RelWithDebInfo|Win32
		{4FA3E04F-5ED9-3AFB-A69C-99B094440CF0}.Debug|Win32.ActiveCfg = Debug|Win32
		{4FA3E04F-5ED9-3AFB-A69C-99B094440CF0}.Debug|Win32.Build.0 = Debug|Win32
		{4FA3E04F-5ED9-3AFB-A69C-99B094440CF0}.Release|Win32.ActiveCfg = Release|Win32
		{4FA3E04F-5ED9-3AFB-A69C-99B094440CF0}.Release|Win32.Build.0 = Release|Win32
		{4FA3E04F-5ED9-3AFB-A69C-99B094440CF0}.MinSizeRel|Win32.ActiveCfg = MinSizeRel|Win32
		{4FA3E04F-5ED9-3AFB-A69C-99B094440CF0}.MinSizeRel|Win32.Build.0 = MinSizeRel|Win32
		{4FA3E04F-5ED9-3AFB-A69C-99B094440CF0}.RelWithDebInfo|Win32.ActiveCfg = RelWithDebInfo|Win32
		{4FA3E04F-5ED9-3AFB-A69C-99B094440CF0}.RelWithDebInfo|Win32.Build.0 = RelWithDebInfo|Win32
		{BD40FC5E-162D-34B1-B6E6-2601B02AE7CE}.Debug|Win32.ActiveCfg = Debug|Win32
		{BD40FC5E-162D-34B1-B6E6-2601B02AE7CE}.Debug|Win32.Build.0 = Debug|Win32
		{BD40FC5E-162D-34B1-B6E6-2601B02AE7CE}.Release|Win32.ActiveCfg = Release|Win32
		{BD40FC5E-162D-34B1-B6E6-2601B02AE7CE}.Release|Win32.Build.0 = Release|Win32
		{BD40FC5E-162D-34B1-B6E6-2601B02AE7CE}.MinSizeRel|Win32.ActiveCfg = MinSizeRel|Win32
		{BD40FC5E-162D-34B1-B6E6-2601B02AE7CE}.MinSizeRel|Win32.Build.0 = MinSizeRel|Win32
		{BD40FC5E-162D-34B1-B6E6-2601B02AE7CE}.RelWithDebInfo|Win32.ActiveCfg = RelWithDebInfo|Win32
		{BD40FC5E-162D-34B1-B6E6-2601B02AE7CE}.RelWithDebInfo|Win32.Build.0 = RelWithDebInfo|Win32
		{99B9342F-6E56-31F2-9A6E-E6FB6D140B0C}.Debug|Win32.ActiveCfg = Debug|Win32
		{99B9342F-6E56-31F2-9A6E-E6FB6D140B0C}.Debug|Win32.Build.0 = Debug|Win32
		{99B9342F-6E56-31F2-9A6E-E6FB6D140B0C}.Release|Win32.ActiveCfg = Release|Win32
		{99B9342F-6E56-31F2-9A6E-E6FB6D140B0C}.Release|Win32.Build.0 = Release|Win32
		{99B9342F-6E56-31F2-9A6E-E6FB6D140B0C}.MinSizeRel|Win32.ActiveCfg = MinSizeRel|Win32
		{99B9342F-6E56-31F2-9A6E-E6FB6D140B0C}.MinSizeRel|Win32.Build.0 = MinSizeRel|Win32
		{99B9342F-6E56-31F2-9A6E-E6FB6D140B0C}.RelWithDebInfo|Win32.ActiveCfg = RelWithDebInfo|Win32
		{99B9342F-6E56-31F2-9A6E-E6FB6D140B0C}.RelWithDebInfo|Win32.Build.0 = RelWithDebInfo|Win32
		{90638F0A-BC59-37B7-995A-5D1FC6276CCD}.Debug|Win32.ActiveCfg = Debug|Win32
		{90638F0A-BC59-37B7-995A-5D1FC6276CCD}.Debug|Win32.Build.0 = Debug|Win32
		{90638F0A-BC59-37B7-995A-5D1FC6276CCD}.Release|Win32.ActiveCfg = Release|Win32
		{90638F0A-BC59-37B7-995A-5D1FC6276CCD}.Release|Win32.Build.0 = Release|Win32
		{90638F0A-BC59-37B7-995A-5D1FC6276CCD}.MinSizeRel|Win32.ActiveCfg = MinSizeRel|Win32
		{90638F0A-BC59-37B7-995A-5D1FC6276CCD}.MinSizeRel|Win32.Build.0 = MinSizeRel|Win32
		{90638F0A-BC59-37B7-995A-5D1FC6276CCD}.RelWithDebInfo|Win32.ActiveCfg = RelWithDebInfo|Win32
		{90638F0A-BC59-37B7-995A-5D1FC6276CCD}.RelWithDebInfo|Win32.Build.0 = RelWithDebInfo|Win32
		{3778E19F-3808-390C-8D9A-A571A230F038}.Debug|Win32.ActiveCfg = Debug|Win32
		{3778E19F-3808-390C-8D9A-A571A230F038}.Debug|Win32.Build.0 = Debug|Win32
		{3778E19F-3808-390C-8D9A-A571A230F038}.Release|Win32.ActiveCfg = Release|Win32
		{3778E19F-3808-390C-8D9A-A571A230F038}.Release|Win32.Build.0 = Release|Win32
		{3778E19F-3808-390C-8D9A-A571A230F038}.MinSizeRel|Win32.ActiveCfg = MinSizeRel|Win32
		{3778E19F-3808-390C-8D9A-A571A230F038}.MinSizeRel|Win32.Build.0 = MinSizeRel|Win32
		{3778E19F-3808-390C-8D9A-A571A230F038}.RelWithDebInfo|Win32.ActiveCfg = RelWithDebInfo|Win32
		{3778E19F-3808-390C-8D9A-A571A230F038}.RelWithDebInfo|Win32.Build.0 = RelWithDebInfo|Win32
		{A97F99A2-9E87-3FDC-8C8D-D71DE70ECDF9}.Debug|Win32.ActiveCfg = Debug|Win32
		{A97F99A2-9E87-3FDC-8C8D-D71DE70ECDF9}.Debug|Win32.Build.0 = Debug|Win32
		{A97F99A2-9E87-3FDC-8C8D-D71DE70ECDF9}.Release|Win32.ActiveCfg = Release|Win32
		{A97F99A2-9E87-3FDC-8C8D-D71DE70ECDF9}.Release|Win32.Build.0 = Release|Win32
		{A97F99A2-9E87-3FDC-8C8D-D71DE70ECDF9}.MinSizeRel|Win32.ActiveCfg = MinSizeRel|Win32
		{A97F99A2-9E87-3FDC-8C8D-D71DE70ECDF9}.MinSizeRel|Win32.Build.0 = MinSizeRel|Win32
		{A97F99A2-9E87-3FDC-8C8D-D71DE70ECDF9}.RelWithDebInfo|Win32.ActiveCfg = RelWithDebInfo|Win32
		{A97F99A2-9E87-3FDC-8C8D-D71DE70ECDF9}.RelWithDebInfo|Win32.Build.0 = RelWithDebInfo|Win32
		{FF569B5D-B821-3A79-8FAA-FD04D799BBDA}.Debug|Win32.ActiveCfg = Debug|Win32
		{FF569B5D-B821-3A79-8FAA-FD04D799BBDA}.Debug|Win32.Build.0 = Debug|Win32
		{FF569B5D-B821-3A79-8FAA-FD04D799BBDA}.Release|Win32.ActiveCfg = Release|Win32
		{FF569B5D-B821-3A79-8FAA-FD04D799BBDA}.Release|Win32.Build.0 = Release|Win32
		{FF569B5D-B821-3A79-8FAA-FD04D799BBDA}.MinSizeRel|Win32.ActiveCfg = MinSizeRel|Win32
		{FF569B5D-B821-3A79-8FAA-FD04D799BBDA}.MinSizeRel|Win32.Build.0 = MinSizeRel|Win32
		{FF569B5D-B821-3A79-8FAA-FD04D799BBDA}.RelWithDebInfo|Win32.ActiveCfg = RelWithDebInfo|Win32
		{FF569B5D-B821-3A79-8FAA-FD04D799BBDA}.RelWithDebInfo|Win32.Build.0 = RelWithDebInfo|Win32
		{C769C5D1-3DA4-33C0-9FA6-30B6CA5203EF}.Debug|Win32.ActiveCfg = Debug|Win32
		{C769C5D1-3DA4-33C0-9FA6-30B6CA5203EF}.Debug|Win32.Build.0 = Debug|Win32
		{C769C5D1-3DA4-33C0-9FA6-30B6CA5203EF}.Release|Win32.ActiveCfg = Release|Win32
		{C769C5D1-3DA4-33C0-9FA6-30B6CA5203EF}.Release|Win32.Build.0 = Release|Win32
		{C769C5D1-3DA4-33C0-9FA6-30B6CA5203EF}.MinSizeRel|Win32.ActiveCfg = MinSizeRel|Win32
		{C769C5D1-3DA4-33C0-9FA6-30B6CA5203EF}.MinSizeRel|Win32.Build.0 = MinSizeRel|Win32
		{C769C5D1-3DA4-33C0-9FA6-30B6CA5203EF}.RelWithDebInfo|Win32.ActiveCfg = RelWithDebInfo|Win32
		{C769C5D1-3DA4-33C0-9FA6-30B6CA5203EF}.RelWithDebInfo|Win32.Build.0 = RelWithDebInfo|Win32
		{41A31816-25A9-3D31-AA72-73763DBA3E4F}.Debug|Win32.ActiveCfg = Debug|Win32
		{41A31816-25A9-3D31-AA72-73763DBA3E4F}.Debug|Win32.Build.0 = Debug|Win32
		{41A31816-25A9-3D31-AA72-73763DBA3E4F}.Release|Win32.ActiveCfg = Release|Win32
		{41A31816-25A9-3D31-AA72-73763DBA3E4F}.Release|Win32.Build.0 = Release|Win32
		{41A31816-25A9-3D31-AA72-73763DBA3E4F}.MinSizeRel|Win32.ActiveCfg = MinSizeRel|Win32
		{41A31816-25A9-3D31-AA72-73763DBA3E4F}.MinSizeRel|Win32.Build.0 = MinSizeRel|Win32
		{41A31816-25A9-3D31-AA72-73763DBA3E4F}.RelWithDebInfo|Win32.ActiveCfg = RelWithDebInfo|Win32
		{41A31816-25A9-3D31-AA72-73763DBA3E4F}.RelWithDebInfo|Win32.Build.0 = RelWithDebInfo|Win32
		{9D3A57E7-E8DD-3E58-A0DE-E0B91B3986A4}.Debug|Win32.ActiveCfg = Debug|Win32
		{9D3A57E7-E8DD-3E58-A0DE-E0B91B3986A4}.Debug|Win32.Build.0 = Debug|Win32
		{9D3A57E7-E8DD-3E58-A0DE-E0B91B3986A4}.Release|Win32.ActiveCfg = Release|Win32
		{9D3A57E7-E8DD-3E58-A0DE-E0B91B3986A4}.Release|Win32.Build.0 = Release|Win32
		{9D3A57E7-E8DD-3E58-A0DE-E0B91B3986A4}.MinSizeRel|Win32.ActiveCfg = MinSizeRel|Win32
		{9D3A57E7-E8DD-3E58-A0DE-E0B91B3986A4}.MinSizeRel|Win32.Build.0 = MinSizeRel|Win32
		{9D3A57E7-E8DD-3E58-A0DE-E0B91B3986A4}.RelWithDebInfo|Win32.ActiveCfg = RelWithDebInfo|Win32
		{9D3A57E7-E8DD-3E58-A0DE-E0B91B3986A4}.RelWithDebInfo|Win32.Build.0 = RelWithDebInfo|Win32
		{F293720C-AD34-367C-9A7D-DC23812BA802}.Debug|Win32.ActiveCfg = Debug|Win32
		{F293720C-AD34-367C-9A7D-DC23812BA802}.Debug|Win32.Build.0 = Debug|Win32
		{F293720C-AD34-367C-9A7D-DC23812BA802}.Release|Win32.ActiveCfg = Release|Win32
		{F293720C-AD34-367C-9A7D-DC23812BA802}.Release|Win32.Build.0 = Release|Win32
		{F293720C-AD34-367C-9A7D-DC23812BA802}.MinSizeRel|Win32.ActiveCfg = MinSizeRel|Win32
		{F293720C-AD34-367C-9A7D-DC23812BA802}.MinSizeRel|Win32.Build.0 = MinSizeRel|Win32
		{F293720C-AD34-367C-9A7D-DC23812BA802}.RelWithDebInfo|Win32.ActiveCfg = RelWithDebInfo|Win32
		{F293720C-AD34-367C-9A7D-DC23812BA802}.RelWithDebInfo|Win32.Build.0 = RelWithDebInfo|Win32
		{336A13B0-64B8-333C-B5D2-0D5DB7337985}.Debug|Win32.ActiveCfg = Debug|Win32
		{336A13B0-64B8-333C-B5D2-0D5DB7337985}.Debug|Win32.Build.0 = Debug|Win32
		{336A13B0-64B8-333C-B5D2-0D5DB7337985}.Release|Win32.ActiveCfg = Release|Win32
		{336A13B0-64B8-333C-B5D2-0D5DB7337985}.Release|Win32.Build.0 = Release|Win32
		{336A13B0-64B8-333C-B5D2-0D5DB7337985}.MinSizeRel|Win32.ActiveCfg = MinSizeRel|Win32
		{336A13B0-64B8-333C-B5D2-0D5DB7337985}.MinSizeRel|Win32.Build.0 = MinSizeRel|Win32
		{336A13B0-64B8-333C-B5D2-0D5DB7337985}.RelWithDebInfo|Win32.ActiveCfg = RelWithDebInfo|Win32
		{336A13B0-64B8-333C-B5D2-0D5DB7337985}.RelWithDebInfo|Win32.Build.0 = RelWithDebInfo|Win32
		{72716B0E-592E-3A7A-AA10-75B24059EE50}.Debug|Win32.ActiveCfg = Debug|Win32
		{72716B0E-592E-3A7A-AA10-75B24059EE50}.Debug|Win32.Build.0 = Debug|Win32
		{72716B0E-592E-3A7A-AA10-75B24059EE50}.Release|Win32.ActiveCfg = Release|Win32
		{72716B0E-592E-3A7A-AA10-75B24059EE50}.Release|Win32.Build.0 = Release|Win32
		{72716B0E-592E-3A7A-AA10-75B24059EE50}.MinSizeRel|Win32.ActiveCfg = MinSizeRel|Win32
		{72716B0E-592E-3A7A-AA10-75B24059EE50}.MinSizeRel|Win32.Build.0 = MinSizeRel|Win32
		{72716B0E-592E-3A7A-AA10-75B24059EE50}.RelWithDebInfo|Win32.ActiveCfg = RelWithDebInfo|Win32
		{72716B0E-592E-3A7A-AA10-75B24059EE50}.RelWithDebInfo|Win32.Build.0 = RelWithDebInfo|Win32
		{4E2C7580-B0B5-3249-9055-7305F8A26D03}.Debug|Win32.ActiveCfg = Debug|Win32
		{4E2C7580-B0B5-3249-9055-7305F8A26D03}.Debug|Win32.Build.0 = Debug|Win32
		{4E2C7580-B0B5-3249-9055-7305F8A26D03}.Release|Win32.ActiveCfg = Release|Win32
		{4E2C7580-B0B5-3249-9055-7305F8A26D03}.Release|Win32.Build.0 = Release|Win32
		{4E2C7580-B0B5-3249-9055-7305F8A26D03}.MinSizeRel|Win32.ActiveCfg = MinSizeRel|Win32
		{4E2C7580-B0B5-3249-9055-7305F8A26D03}.MinSizeRel|Win32.Build.0 = MinSizeRel|Win32
		{4E2C7580-B0B5-3249-9055-7305F8A26D03}.RelWithDebInfo|Win32.ActiveCfg = RelWithDebInfo|Win32
		{4E2C7580-B0B5-3249-9055-7305F8A26D03}.RelWithDebInfo|Win32.Build.0 = RelWithDebInfo|Win32
		{74623A83-EFE3-3FD2-9E6B-1B353B7FBB6E}.Debug|Win32.ActiveCfg = Debug|Win32
		{74623A83-EFE3-3FD2-9E6B-1B353B7FBB6E}.Debug|Win32.Build.0 = Debug|Win32
		{74623A83-EFE3-3FD2-9E6B-1B353B7FBB6E}.Release|Win32.ActiveCfg = Release|Win32
		{74623A83-EFE3-3FD2-9E6B-1B353B7FBB6E}.Release|Win32.Build.0 = Release|Win32
		{74623A83-EFE3-3FD2-9E6B-1B353B7FBB6E}.MinSizeRel|Win32.ActiveCfg = MinSizeRel|Win32
		{74623A83-EFE3-3FD2-9E6B-1B353B7FBB6E}.MinSizeRel|Win32.Build.0 = MinSizeRel|Win32
		{74623A83-EFE3-3FD2-9E6B-1B353B7FBB6E}.RelWithDebInfo|Win32.ActiveCfg = RelWithDebInfo|Win32
		{74623A83-EFE3-3FD2-9E6B-1B353B7FBB6E}.RelWithDebInfo|Win32.Build.0 = RelWithDebInfo|Win32
		{C7B97F39-3702-3A17-8D09-367E05903C00}.Debug|Win32.ActiveCfg = Debug|Win32
		{C7B97F39-3702-3A17-8D09-367E05903C00}.Debug|Win32.Build.0 = Debug|Win32
		{C7B97F39-3702-3A17-8D09-367E05903C00}.Release|Win32.ActiveCfg = Release|Win32
		{C7B97F39-3702-3A17-8D09-367E05903C00}.Release|Win32.Build.0 = Release|Win32
		{C7B97F39-3702-3A17-8D09-367E05903C00}.MinSizeRel|Win32.ActiveCfg = MinSizeRel|Win32
		{C7B97F39-3702-3A17-8D09-367E05903C00}.MinSizeRel|Win32.Build.0 = MinSizeRel|Win32
		{C7B97F39-3702-3A17-8D09-367E05903C00}.RelWithDebInfo|Win32.ActiveCfg = RelWithDebInfo|Win32
		{C7B97F39-3702-3A17-8D09-367E05903C00}.RelWithDebInfo|Win32.Build.0 = RelWithDebInfo|Win32
		{9825828B-1A1B-39A5-B3FA-688D3F685D4E}.Debug|Win32.ActiveCfg = Debug|Win32
		{9825828B-1A1B-39A5-B3FA-688D3F685D4E}.Debug|Win32.Build.0 = Debug|Win32
		{9825828B-1A1B-39A5-B3FA-688D3F685D4E}.Release|Win32.ActiveCfg = Release|Win32
		{9825828B-1A1B-39A5-B3FA-688D3F685D4E}.Release|Win32.Build.0 = Release|Win32
		{9825828B-1A1B-39A5-B3FA-688D3F685D4E}.MinSizeRel|Win32.ActiveCfg = MinSizeRel|Win32
		{9825828B-1A1B-39A5-B3FA-688D3F685D4E}.MinSizeRel|Win32.Build.0 = MinSizeRel|Win32
		{9825828B-1A1B-39A5-B3FA-688D3F685D4E}.RelWithDebInfo|Win32.ActiveCfg = RelWithDebInfo|Win32
		{9825828B-1A1B-39A5-B3FA-688D3F685D4E}.RelWithDebInfo|Win32.Build.0 = RelWithDebInfo|Win32
		{22EA2C4A-44E2-3D04-B6E9-5AAAB863AEBC}.Debug|Win32.ActiveCfg = Debug|Win32
		{22EA2C4A-44E2-3D04-B6E9-5AAAB863AEBC}.Debug|Win32.Build.0 = Debug|Win32
		{22EA2C4A-44E2-3D04-B6E9-5AAAB863AEBC}.Release|Win32.ActiveCfg = Release|Win32
		{22EA2C4A-44E2-3D04-B6E9-5AAAB863AEBC}.Release|Win32.Build.0 = Release|Win32
		{22EA2C4A-44E2-3D04-B6E9-5AAAB863AEBC}.MinSizeRel|Win32.ActiveCfg = MinSizeRel|Win32
		{22EA2C4A-44E2-3D04-B6E9-5AAAB863AEBC}.MinSizeRel|Win32.Build.0 = MinSizeRel|Win32
		{22EA2C4A-44E2-3D04-B6E9-5AAAB863AEBC}.RelWithDebInfo|Win32.ActiveCfg = RelWithDebInfo|Win32
		{22EA2C4A-44E2-3D04-B6E9-5AAAB863AEBC}.RelWithDebInfo|Win32.Build.0 = RelWithDebInfo|Win32
		{25C16976-25F3-301A-A035-0CC98E652702}.Debug|Win32.ActiveCfg = Debug|Win32
		{25C16976-25F3-301A-A035-0CC98E652702}.Debug|Win32.Build.0 = Debug|Win32
		{25C16976-25F3-301A-A035-0CC98E652702}.Release|Win32.ActiveCfg = Release|Win32
		{25C16976-25F3-301A-A035-0CC98E652702}.Release|Win32.Build.0 = Release|Win32
		{25C16976-25F3-301A-A035-0CC98E652702}.MinSizeRel|Win32.ActiveCfg = MinSizeRel|Win32
		{25C16976-25F3-301A-A035-0CC98E652702}.MinSizeRel|Win32.Build.0 = MinSizeRel|Win32
		{25C16976-25F3-301A-A035-0CC98E652702}.RelWithDebInfo|Win32.ActiveCfg = RelWithDebInfo|Win32
		{25C16976-25F3-301A-A035-0CC98E652702}.RelWithDebInfo|Win32.Build.0 = RelWithDebInfo|Win32
		{73A96E69-FCAC-3F1A-98D8-70C16B8DB7FF}.Debug|Win32.ActiveCfg = Debug|Win32
		{73A96E69-FCAC-3F1A-98D8-70C16B8DB7FF}.Debug|Win32.Build.0 = Debug|Win32
		{73A96E69-FCAC-3F1A-98D8-70C16B8DB7FF}.Release|Win32.ActiveCfg = Release|Win32
		{73A96E69-FCAC-3F1A-98D8-70C16B8DB7FF}.Release|Win32.Build.0 = Release|Win32
		{73A96E69-FCAC-3F1A-98D8-70C16B8DB7FF}.MinSizeRel|Win32.ActiveCfg = MinSizeRel|Win32
		{73A96E69-FCAC-3F1A-98D8-70C16B8DB7FF}.MinSizeRel|Win32.Build.0 = MinSizeRel|Win32
		{73A96E69-FCAC-3F1A-98D8-70C16B8DB7FF}.RelWithDebInfo|Win32.ActiveCfg = RelWithDebInfo|Win32
		{73A96E69-FCAC-3F1A-98D8-70C16B8DB7FF}.RelWithDebInfo|Win32.Build.0 = RelWithDebInfo|Win32
		{E03A4E11-68F4-304E-A840-BADA2B788290}.Debug|Win32.ActiveCfg = Debug|Win32
		{E03A4E11-68F4-304E-A840-BADA2B788290}.Debug|Win32.Build.0 = Debug|Win32
		{E03A4E11-68F4-304E-A840-BADA2B788290}.Release|Win32.ActiveCfg = Release|Win32
		{E03A4E11-68F4-304E-A840-BADA2B788290}.Release|Win32.Build.0 = Release|Win32
		{E03A4E11-68F4-304E-A840-BADA2B788290}.MinSizeRel|Win32.ActiveCfg = MinSizeRel|Win32
		{E03A4E11-68F4-304E-A840-BADA2B788290}.MinSizeRel|Win32.Build.0 = MinSizeRel|Win32
		{E03A4E11-68F4-304E-A840-BADA2B788290}.RelWithDebInfo|Win32.ActiveCfg = RelWithDebInfo|Win32
		{E03A4E11-68F4-304E-A840-BADA2B788290}.RelWithDebInfo|Win32.Build.0 = RelWithDebInfo|Win32
		{4636984D-39B6-3292-9E7E-3D740501E653}.Debug|Win32.ActiveCfg = Debug|Win32
		{4636984D-39B6-3292-9E7E-3D740501E653}.Debug|Win32.Build.0 = Debug|Win32
		{4636984D-39B6-3292-9E7E-3D740501E653}.Release|Win32.ActiveCfg = Release|Win32
		{4636984D-39B6-3292-9E7E-3D740501E653}.Release|Win32.Build.0 = Release|Win32
		{4636984D-39B6-3292-9E7E-3D740501E653}.MinSizeRel|Win32.ActiveCfg = MinSizeRel|Win32
		{4636984D-39B6-3292-9E7E-3D740501E653}.MinSizeRel|Win32.Build.0 = MinSizeRel|Win32
		{4636984D-39B6-3292-9E7E-3D740501E653}.RelWithDebInfo|Win32.ActiveCfg = RelWithDebInfo|Win32
		{4636984D-39B6-3292-9E7E-3D740501E653}.RelWithDebInfo|Win32.Build.0 = RelWithDebInfo|Win32
		{12526AF7-D22B-395E-B641-8EECFF7C5BEE}.Debug|Win32.ActiveCfg = Debug|Win32
		{12526AF7-D22B-395E-B641-8EECFF7C5BEE}.Debug|Win32.Build.0 = Debug|Win32
		{12526AF7-D22B-395E-B641-8EECFF7C5BEE}.Release|Win32.ActiveCfg = Release|Win32
		{12526AF7-D22B-395E-B641-8EECFF7C5BEE}.Release|Win32.Build.0 = Release|Win32
		{12526AF7-D22B-395E-B641-8EECFF7C5BEE}.MinSizeRel|Win32.ActiveCfg = MinSizeRel|Win32
		{12526AF7-D22B-395E-B641-8EECFF7C5BEE}.MinSizeRel|Win32.Build.0 = MinSizeRel|Win32
		{12526AF7-D22B-395E-B641-8EECFF7C5BEE}.RelWithDebInfo|Win32.ActiveCfg = RelWithDebInfo|Win32
		{12526AF7-D22B-395E-B641-8EECFF7C5BEE}.RelWithDebInfo|Win32.Build.0 = RelWithDebInfo|Win32
		{0600160F-8117-3354-98E9-572184343989}.Debug|Win32.ActiveCfg = Debug|Win32
		{0600160F-8117-3354-98E9-572184343989}.Debug|Win32.Build.0 = Debug|Win32
		{0600160F-8117-3354-98E9-572184343989}.Release|Win32.ActiveCfg = Release|Win32
		{0600160F-8117-3354-98E9-572184343989}.Release|Win32.Build.0 = Release|Win32
		{0600160F-8117-3354-98E9-572184343989}.MinSizeRel|Win32.ActiveCfg = MinSizeRel|Win32
		{0600160F-8117-3354-98E9-572184343989}.MinSizeRel|Win32.Build.0 = MinSizeRel|Win32
		{0600160F-8117-3354-98E9-572184343989}.RelWithDebInfo|Win32.ActiveCfg = RelWithDebInfo|Win32
		{0600160F-8117-3354-98E9-572184343989}.RelWithDebInfo|Win32.Build.0 = RelWithDebInfo|Win32
		{C3C6FFD0-7E7C-32DC-ACE0-7A8D18601D26}.Debug|Win32.ActiveCfg = Debug|Win32
		{C3C6FFD0-7E7C-32DC-ACE0-7A8D18601D26}.Debug|Win32.Build.0 = Debug|Win32
		{C3C6FFD0-7E7C-32DC-ACE0-7A8D18601D26}.Release|Win32.ActiveCfg = Release|Win32
		{C3C6FFD0-7E7C-32DC-ACE0-7A8D18601D26}.Release|Win32.Build.0 = Release|Win32
		{C3C6FFD0-7E7C-32DC-ACE0-7A8D18601D26}.MinSizeRel|Win32.ActiveCfg = MinSizeRel|Win32
		{C3C6FFD0-7E7C-32DC-ACE0-7A8D18601D26}.MinSizeRel|Win32.Build.0 = MinSizeRel|Win32
		{C3C6FFD0-7E7C-32DC-ACE0-7A8D18601D26}.RelWithDebInfo|Win32.ActiveCfg = RelWithDebInfo|Win32
		{C3C6FFD0-7E7C-32DC-ACE0-7A8D18601D26}.RelWithDebInfo|Win32.Build.0 = RelWithDebInfo|Win32
		{961F88C0-72D5-39A3-8A09-AE63334C31FC}.Debug|Win32.ActiveCfg = Debug|Win32
		{961F88C0-72D5-39A3-8A09-AE63334C31FC}.Debug|Win32.Build.0 = Debug|Win32
		{961F88C0-72D5-39A3-8A09-AE63334C31FC}.Release|Win32.ActiveCfg = Release|Win32
		{961F88C0-72D5-39A3-8A09-AE63334C31FC}.Release|Win32.Build.0 = Release|Win32
		{961F88C0-72D5-39A3-8A09-AE63334C31FC}.MinSizeRel|Win32.ActiveCfg = MinSizeRel|Win32
		{961F88C0-72D5-39A3-8A09-AE63334C31FC}.MinSizeRel|Win32.Build.0 = MinSizeRel|Win32
		{961F88C0-72D5-39A3-8A09-AE63334C31FC}.RelWithDebInfo|Win32.ActiveCfg = RelWithDebInfo|Win32
		{961F88C0-72D5-39A3-8A09-AE63334C31FC}.RelWithDebInfo|Win32.Build.0 = RelWithDebInfo|Win32
		{7655228A-C95C-3601-A893-32E72B5BFD4A}.Debug|Win32.ActiveCfg = Debug|Win32
		{7655228A-C95C-3601-A893-32E72B5BFD4A}.Debug|Win32.Build.0 = Debug|Win32
		{7655228A-C95C-3601-A893-32E72B5BFD4A}.Release|Win32.ActiveCfg = Release|Win32
		{7655228A-C95C-3601-A893-32E72B5BFD4A}.Release|Win32.Build.0 = Release|Win32
		{7655228A-C95C-3601-A893-32E72B5BFD4A}.MinSizeRel|Win32.ActiveCfg = MinSizeRel|Win32
		{7655228A-C95C-3601-A893-32E72B5BFD4A}.MinSizeRel|Win32.Build.0 = MinSizeRel|Win32
		{7655228A-C95C-3601-A893-32E72B5BFD4A}.RelWithDebInfo|Win32.ActiveCfg = RelWithDebInfo|Win32
		{7655228A-C95C-3601-A893-32E72B5BFD4A}.RelWithDebInfo|Win32.Build.0 = RelWithDebInfo|Win32
		{FA32B094-3A3D-3344-B7D2-31A0A1F2657B}.Debug|Win32.ActiveCfg = Debug|Win32
		{FA32B094-3A3D-3344-B7D2-31A0A1F2657B}.Debug|Win32.Build.0 = Debug|Win32
		{FA32B094-3A3D-3344-B7D2-31A0A1F2657B}.Release|Win32.ActiveCfg = Release|Win32
		{FA32B094-3A3D-3344-B7D2-31A0A1F2657B}.Release|Win32.Build.0 = Release|Win32
		{FA32B094-3A3D-3344-B7D2-31A0A1F2657B}.MinSizeRel|Win32.ActiveCfg = MinSizeRel|Win32
		{FA32B094-3A3D-3344-B7D2-31A0A1F2657B}.MinSizeRel|Win32.Build.0 = MinSizeRel|Win32
		{FA32B094-3A3D-3344-B7D2-31A0A1F2657B}.RelWithDebInfo|Win32.ActiveCfg = RelWithDebInfo|Win32
		{FA32B094-3A3D-3344-B7D2-31A0A1F2657B}.RelWithDebInfo|Win32.Build.0 = RelWithDebInfo|Win32
		{693ECB3A-2506-3B40-B25F-3287AC3E6F34}.Debug|Win32.ActiveCfg = Debug|Win32
		{693ECB3A-2506-3B40-B25F-3287AC3E6F34}.Debug|Win32.Build.0 = Debug|Win32
		{693ECB3A-2506-3B40-B25F-3287AC3E6F34}.Release|Win32.ActiveCfg = Release|Win32
		{693ECB3A-2506-3B40-B25F-3287AC3E6F34}.Release|Win32.Build.0 = Release|Win32
		{693ECB3A-2506-3B40-B25F-3287AC3E6F34}.MinSizeRel|Win32.ActiveCfg = MinSizeRel|Win32
		{693ECB3A-2506-3B40-B25F-3287AC3E6F34}.MinSizeRel|Win32.Build.0 = MinSizeRel|Win32
		{693ECB3A-2506-3B40-B25F-3287AC3E6F34}.RelWithDebInfo|Win32.ActiveCfg = RelWithDebInfo|Win32
		{693ECB3A-2506-3B40-B25F-3287AC3E6F34}.RelWithDebInfo|Win32.Build.0 = RelWithDebInfo|Win32
		{E083186D-8B85-3385-B9CC-4280B9925D52}.Debug|Win32.ActiveCfg = Debug|Win32
		{E083186D-8B85-3385-B9CC-4280B9925D52}.Debug|Win32.Build.0 = Debug|Win32
		{E083186D-8B85-3385-B9CC-4280B9925D52}.Release|Win32.ActiveCfg = Release|Win32
		{E083186D-8B85-3385-B9CC-4280B9925D52}.Release|Win32.Build.0 = Release|Win32
		{E083186D-8B85-3385-B9CC-4280B9925D52}.MinSizeRel|Win32.ActiveCfg = MinSizeRel|Win32
		{E083186D-8B85-3385-B9CC-4280B9925D52}.MinSizeRel|Win32.Build.0 = MinSizeRel|Win32
		{E083186D-8B85-3385-B9CC-4280B9925D52}.RelWithDebInfo|Win32.ActiveCfg = RelWithDebInfo|Win32
		{E083186D-8B85-3385-B9CC-4280B9925D52}.RelWithDebInfo|Win32.Build.0 = RelWithDebInfo|Win32
		{A20C01F7-46D3-3425-8D15-D058C35BDA78}.Debug|Win32.ActiveCfg = Debug|Win32
		{A20C01F7-46D3-3425-8D15-D058C35BDA78}.Debug|Win32.Build.0 = Debug|Win32
		{A20C01F7-46D3-3425-8D15-D058C35BDA78}.Release|Win32.ActiveCfg = Release|Win32
		{A20C01F7-46D3-3425-8D15-D058C35BDA78}.Release|Win32.Build.0 = Release|Win32
		{A20C01F7-46D3-3425-8D15-D058C35BDA78}.MinSizeRel|Win32.ActiveCfg = MinSizeRel|Win32
		{A20C01F7-46D3-3425-8D15-D058C35BDA78}.MinSizeRel|Win32.Build.0 = MinSizeRel|Win32
		{A20C01F7-46D3-3425-8D15-D058C35BDA78}.RelWithDebInfo|Win32.ActiveCfg = RelWithDebInfo|Win32
		{A20C01F7-46D3-3425-8D15-D058C35BDA78}.RelWithDebInfo|Win32.Build.0 = RelWithDebInfo|Win32
		{1FDAF5D9-9AFC-3530-8D05-D01054CD44C2}.Debug|Win32.ActiveCfg = Debug|Win32
		{1FDAF5D9-9AFC-3530-8D05-D01054CD44C2}.Debug|Win32.Build.0 = Debug|Win32
		{1FDAF5D9-9AFC-3530-8D05-D01054CD44C2}.Release|Win32.ActiveCfg = Release|Win32
		{1FDAF5D9-9AFC-3530-8D05-D01054CD44C2}.Release|Win32.Build.0 = Release|Win32
		{1FDAF5D9-9AFC-3530-8D05-D01054CD44C2}.MinSizeRel|Win32.ActiveCfg = MinSizeRel|Win32
		{1FDAF5D9-9AFC-3530-8D05-D01054CD44C2}.MinSizeRel|Win32.Build.0 = MinSizeRel|Win32
		{1FDAF5D9-9AFC-3530-8D05-D01054CD44C2}.RelWithDebInfo|Win32.ActiveCfg = RelWithDebInfo|Win32
		{1FDAF5D9-9AFC-3530-8D05-D01054CD44C2}.RelWithDebInfo|Win32.Build.0 = RelWithDebInfo|Win32
		{19E3DEAA-0B4F-390D-95DD-66D0B42D9DC3}.Debug|Win32.ActiveCfg = Debug|Win32
		{19E3DEAA-0B4F-390D-95DD-66D0B42D9DC3}.Debug|Win32.Build.0 = Debug|Win32
		{19E3DEAA-0B4F-390D-95DD-66D0B42D9DC3}.Release|Win32.ActiveCfg = Release|Win32
		{19E3DEAA-0B4F-390D-95DD-66D0B42D9DC3}.Release|Win32.Build.0 = Release|Win32
		{19E3DEAA-0B4F-390D-95DD-66D0B42D9DC3}.MinSizeRel|Win32.ActiveCfg = MinSizeRel|Win32
		{19E3DEAA-0B4F-390D-95DD-66D0B42D9DC3}.MinSizeRel|Win32.Build.0 = MinSizeRel|Win32
		{19E3DEAA-0B4F-390D-95DD-66D0B42D9DC3}.RelWithDebInfo|Win32.ActiveCfg = RelWithDebInfo|Win32
		{19E3DEAA-0B4F-390D-95DD-66D0B42D9DC3}.RelWithDebInfo|Win32.Build.0 = RelWithDebInfo|Win32
		{4F3C11B7-CFF2-3CBF-BFE3-4FF88D0C51D4}.Debug|Win32.ActiveCfg = Debug|Win32
		{4F3C11B7-CFF2-3CBF-BFE3-4FF88D0C51D4}.Debug|Win32.Build.0 = Debug|Win32
		{4F3C11B7-CFF2-3CBF-BFE3-4FF88D0C51D4}.Release|Win32.ActiveCfg = Release|Win32
		{4F3C11B7-CFF2-3CBF-BFE3-4FF88D0C51D4}.Release|Win32.Build.0 = Release|Win32
		{4F3C11B7-CFF2-3CBF-BFE3-4FF88D0C51D4}.MinSizeRel|Win32.ActiveCfg = MinSizeRel|Win32
		{4F3C11B7-CFF2-3CBF-BFE3-4FF88D0C51D4}.MinSizeRel|Win32.Build.0 = MinSizeRel|Win32
		{4F3C11B7-CFF2-3CBF-BFE3-4FF88D0C51D4}.RelWithDebInfo|Win32.ActiveCfg = RelWithDebInfo|Win32
		{4F3C11B7-CFF2-3CBF-BFE3-4FF88D0C51D4}.RelWithDebInfo|Win32.Build.0 = RelWithDebInfo|Win32
		{4C8222FF-8A5D-31C6-8134-3893C9D39A3F}.Debug|Win32.ActiveCfg = Debug|Win32
		{4C8222FF-8A5D-31C6-8134-3893C9D39A3F}.Debug|Win32.Build.0 = Debug|Win32
		{4C8222FF-8A5D-31C6-8134-3893C9D39A3F}.Release|Win32.ActiveCfg = Release|Win32
		{4C8222FF-8A5D-31C6-8134-3893C9D39A3F}.Release|Win32.Build.0 = Release|Win32
		{4C8222FF-8A5D-31C6-8134-3893C9D39A3F}.MinSizeRel|Win32.ActiveCfg = MinSizeRel|Win32
		{4C8222FF-8A5D-31C6-8134-3893C9D39A3F}.MinSizeRel|Win32.Build.0 = MinSizeRel|Win32
		{4C8222FF-8A5D-31C6-8134-3893C9D39A3F}.RelWithDebInfo|Win32.ActiveCfg = RelWithDebInfo|Win32
		{4C8222FF-8A5D-31C6-8134-3893C9D39A3F}.RelWithDebInfo|Win32.Build.0 = RelWithDebInfo|Win32
		{3ED58D94-7086-33FC-90FC-EDDE487894B9}.Debug|Win32.ActiveCfg = Debug|Win32
		{3ED58D94-7086-33FC-90FC-EDDE487894B9}.Debug|Win32.Build.0 = Debug|Win32
		{3ED58D94-7086-33FC-90FC-EDDE487894B9}.Release|Win32.ActiveCfg = Release|Win32
		{3ED58D94-7086-33FC-90FC-EDDE487894B9}.Release|Win32.Build.0 = Release|Win32
		{3ED58D94-7086-33FC-90FC-EDDE487894B9}.MinSizeRel|Win32.ActiveCfg = MinSizeRel|Win32
		{3ED58D94-7086-33FC-90FC-EDDE487894B9}.MinSizeRel|Win32.Build.0 = MinSizeRel|Win32
		{3ED58D94-7086-33FC-90FC-EDDE487894B9}.RelWithDebInfo|Win32.ActiveCfg = RelWithDebInfo|Win32
		{3ED58D94-7086-33FC-90FC-EDDE487894B9}.RelWithDebInfo|Win32.Build.0 = RelWithDebInfo|Win32
		{0EA625AE-7EAF-38AC-A846-99B8BF85FD59}.Debug|Win32.ActiveCfg = Debug|Win32
		{0EA625AE-7EAF-38AC-A846-99B8BF85FD59}.Debug|Win32.Build.0 = Debug|Win32
		{0EA625AE-7EAF-38AC-A846-99B8BF85FD59}.Release|Win32.ActiveCfg = Release|Win32
		{0EA625AE-7EAF-38AC-A846-99B8BF85FD59}.Release|Win32.Build.0 = Release|Win32
		{0EA625AE-7EAF-38AC-A846-99B8BF85FD59}.MinSizeRel|Win32.ActiveCfg = MinSizeRel|Win32
		{0EA625AE-7EAF-38AC-A846-99B8BF85FD59}.MinSizeRel|Win32.Build.0 = MinSizeRel|Win32
		{0EA625AE-7EAF-38AC-A846-99B8BF85FD59}.RelWithDebInfo|Win32.ActiveCfg = RelWithDebInfo|Win32
		{0EA625AE-7EAF-38AC-A846-99B8BF85FD59}.RelWithDebInfo|Win32.Build.0 = RelWithDebInfo|Win32
		{47981A16-BBC2-3C23-9DB6-8E12EA6C2DA5}.Debug|Win32.ActiveCfg = Debug|Win32
		{47981A16-BBC2-3C23-9DB6-8E12EA6C2DA5}.Debug|Win32.Build.0 = Debug|Win32
		{47981A16-BBC2-3C23-9DB6-8E12EA6C2DA5}.Release|Win32.ActiveCfg = Release|Win32
		{47981A16-BBC2-3C23-9DB6-8E12EA6C2DA5}.Release|Win32.Build.0 = Release|Win32
		{47981A16-BBC2-3C23-9DB6-8E12EA6C2DA5}.MinSizeRel|Win32.ActiveCfg = MinSizeRel|Win32
		{47981A16-BBC2-3C23-9DB6-8E12EA6C2DA5}.MinSizeRel|Win32.Build.0 = MinSizeRel|Win32
		{47981A16-BBC2-3C23-9DB6-8E12EA6C2DA5}.RelWithDebInfo|Win32.ActiveCfg = RelWithDebInfo|Win32
		{47981A16-BBC2-3C23-9DB6-8E12EA6C2DA5}.RelWithDebInfo|Win32.Build.0 = RelWithDebInfo|Win32
		{B1B0C36B-9EB1-37C8-AF84-A45768D6877E}.Debug|Win32.ActiveCfg = Debug|Win32
		{B1B0C36B-9EB1-37C8-AF84-A45768D6877E}.Debug|Win32.Build.0 = Debug|Win32
		{B1B0C36B-9EB1-37C8-AF84-A45768D6877E}.Release|Win32.ActiveCfg = Release|Win32
		{B1B0C36B-9EB1-37C8-AF84-A45768D6877E}.Release|Win32.Build.0 = Release|Win32
		{B1B0C36B-9EB1-37C8-AF84-A45768D6877E}.MinSizeRel|Win32.ActiveCfg = MinSizeRel|Win32
		{B1B0C36B-9EB1-37C8-AF84-A45768D6877E}.MinSizeRel|Win32.Build.0 = MinSizeRel|Win32
		{B1B0C36B-9EB1-37C8-AF84-A45768D6877E}.RelWithDebInfo|Win32.ActiveCfg = RelWithDebInfo|Win32
		{B1B0C36B-9EB1-37C8-AF84-A45768D6877E}.RelWithDebInfo|Win32.Build.0 = RelWithDebInfo|Win32
	EndGlobalSection
	GlobalSection(ExtensibilityGlobals) = postSolution
	EndGlobalSection
	GlobalSection(ExtensibilityAddIns) = postSolution
	EndGlobalSection
EndGlobal
