Microsoft Visual Studio Solution File, Format Version 11.00
# Visual Studio 2010
Project("{8BC9CEB8-8B4A-11D0-8D11-00A0C91BC942}") = "ALL_BUILD", "ALL_BUILD.vcxproj", "{1233D352-566B-31E4-A625-141D93C6CFDD}"
	ProjectSection(ProjectDependencies) = postProject
		{B05A25E5-5F87-3DAC-9F4B-1EB8E6699F1F} = {B05A25E5-5F87-3DAC-9F4B-1EB8E6699F1F}
		{DCE4B4E1-466B-3A31-A2B7-04D587E1FC52} = {DCE4B4E1-466B-3A31-A2B7-04D587E1FC52}
		{9689BED8-AD9E-37FA-A6FE-CD08EC0E77CD} = {9689BED8-AD9E-37FA-A6FE-CD08EC0E77CD}
		{CAD52691-0AE2-3391-B9AB-47F0614043F9} = {CAD52691-0AE2-3391-B9AB-47F0614043F9}
	EndProjectSection
EndProject
Project("{8BC9CEB8-8B4A-11D0-8D11-00A0C91BC942}") = "INSTALL", "INSTALL.vcxproj", "{ACDB363D-4E0C-39ED-8B3B-1C542F525E1E}"
	ProjectSection(ProjectDependencies) = postProject
		{1233D352-566B-31E4-A625-141D93C6CFDD} = {1233D352-566B-31E4-A625-141D93C6CFDD}
	EndProjectSection
EndProject
Project("{8BC9CEB8-8B4A-11D0-8D11-00A0C91BC942}") = "RUN_TESTS", "RUN_TESTS.vcxproj", "{47F601C8-05C7-3516-847C-DAA54AA28123}"
	ProjectSection(ProjectDependencies) = postProject
	EndProjectSection
EndProject
Project("{8BC9CEB8-8B4A-11D0-8D11-00A0C91BC942}") = "ZERO_CHECK", "..\..\\ZERO_CHECK.vcxproj", "{9E23F6B6-7BB7-3B36-9400-374A845568C9}"
	ProjectSection(ProjectDependencies) = postProject
	EndProjectSection
EndProject
Project("{8BC9CEB8-8B4A-11D0-8D11-00A0C91BC942}") = "gmock", "gmock.vcxproj", "{B05A25E5-5F87-3DAC-9F4B-1EB8E6699F1F}"
	ProjectSection(ProjectDependencies) = postProject
		{9E23F6B6-7BB7-3B36-9400-374A845568C9} = {9E23F6B6-7BB7-3B36-9400-374A845568C9}
	EndProjectSection
EndProject
Project("{8BC9CEB8-8B4A-11D0-8D11-00A0C91BC942}") = "gmock_main", "gmock_main.vcxproj", "{DCE4B4E1-466B-3A31-A2B7-04D587E1FC52}"
	ProjectSection(ProjectDependencies) = postProject
		{9E23F6B6-7BB7-3B36-9400-374A845568C9} = {9E23F6B6-7BB7-3B36-9400-374A845568C9}
	EndProjectSection
EndProject
Project("{8BC9CEB8-8B4A-11D0-8D11-00A0C91BC942}") = "gtest", "gtest\gtest.vcxproj", "{9689BED8-AD9E-37FA-A6FE-CD08EC0E77CD}"
	ProjectSection(ProjectDependencies) = postProject
		{9E23F6B6-7BB7-3B36-9400-374A845568C9} = {9E23F6B6-7BB7-3B36-9400-374A845568C9}
	EndProjectSection
EndProject
Project("{8BC9CEB8-8B4A-11D0-8D11-00A0C91BC942}") = "gtest_main", "gtest\gtest_main.vcxproj", "{CAD52691-0AE2-3391-B9AB-47F0614043F9}"
	ProjectSection(ProjectDependencies) = postProject
		{9E23F6B6-7BB7-3B36-9400-374A845568C9} = {9E23F6B6-7BB7-3B36-9400-374A845568C9}
		{9689BED8-AD9E-37FA-A6FE-CD08EC0E77CD} = {9689BED8-AD9E-37FA-A6FE-CD08EC0E77CD}
	EndProjectSection
EndProject
Global
	GlobalSection(SolutionConfigurationPlatforms) = preSolution
		Debug|Win32 = Debug|Win32
		Release|Win32 = Release|Win32
		MinSizeRel|Win32 = MinSizeRel|Win32
		RelWithDebInfo|Win32 = RelWithDebInfo|Win32
	EndGlobalSection
	GlobalSection(ProjectConfigurationPlatforms) = postSolution
		{1233D352-566B-31E4-A625-141D93C6CFDD}.Debug|Win32.ActiveCfg = Debug|Win32
		{1233D352-566B-31E4-A625-141D93C6CFDD}.Debug|Win32.Build.0 = Debug|Win32
		{1233D352-566B-31E4-A625-141D93C6CFDD}.Release|Win32.ActiveCfg = Release|Win32
		{1233D352-566B-31E4-A625-141D93C6CFDD}.Release|Win32.Build.0 = Release|Win32
		{1233D352-566B-31E4-A625-141D93C6CFDD}.MinSizeRel|Win32.ActiveCfg = MinSizeRel|Win32
		{1233D352-566B-31E4-A625-141D93C6CFDD}.MinSizeRel|Win32.Build.0 = MinSizeRel|Win32
		{1233D352-566B-31E4-A625-141D93C6CFDD}.RelWithDebInfo|Win32.ActiveCfg = RelWithDebInfo|Win32
		{1233D352-566B-31E4-A625-141D93C6CFDD}.RelWithDebInfo|Win32.Build.0 = RelWithDebInfo|Win32
		{ACDB363D-4E0C-39ED-8B3B-1C542F525E1E}.Debug|Win32.ActiveCfg = Debug|Win32
		{ACDB363D-4E0C-39ED-8B3B-1C542F525E1E}.Release|Win32.ActiveCfg = Release|Win32
		{ACDB363D-4E0C-39ED-8B3B-1C542F525E1E}.MinSizeRel|Win32.ActiveCfg = MinSizeRel|Win32
		{ACDB363D-4E0C-39ED-8B3B-1C542F525E1E}.RelWithDebInfo|Win32.ActiveCfg = RelWithDebInfo|Win32
		{47F601C8-05C7-3516-847C-DAA54AA28123}.Debug|Win32.ActiveCfg = Debug|Win32
		{47F601C8-05C7-3516-847C-DAA54AA28123}.Release|Win32.ActiveCfg = Release|Win32
		{47F601C8-05C7-3516-847C-DAA54AA28123}.MinSizeRel|Win32.ActiveCfg = MinSizeRel|Win32
		{47F601C8-05C7-3516-847C-DAA54AA28123}.RelWithDebInfo|Win32.ActiveCfg = RelWithDebInfo|Win32
		{9E23F6B6-7BB7-3B36-9400-374A845568C9}.Debug|Win32.ActiveCfg = Debug|Win32
		{9E23F6B6-7BB7-3B36-9400-374A845568C9}.Debug|Win32.Build.0 = Debug|Win32
		{9E23F6B6-7BB7-3B36-9400-374A845568C9}.Release|Win32.ActiveCfg = Release|Win32
		{9E23F6B6-7BB7-3B36-9400-374A845568C9}.Release|Win32.Build.0 = Release|Win32
		{9E23F6B6-7BB7-3B36-9400-374A845568C9}.MinSizeRel|Win32.ActiveCfg = MinSizeRel|Win32
		{9E23F6B6-7BB7-3B36-9400-374A845568C9}.MinSizeRel|Win32.Build.0 = MinSizeRel|Win32
		{9E23F6B6-7BB7-3B36-9400-374A845568C9}.RelWithDebInfo|Win32.ActiveCfg = RelWithDebInfo|Win32
		{9E23F6B6-7BB7-3B36-9400-374A845568C9}.RelWithDebInfo|Win32.Build.0 = RelWithDebInfo|Win32
		{B05A25E5-5F87-3DAC-9F4B-1EB8E6699F1F}.Debug|Win32.ActiveCfg = Debug|Win32
		{B05A25E5-5F87-3DAC-9F4B-1EB8E6699F1F}.Debug|Win32.Build.0 = Debug|Win32
		{B05A25E5-5F87-3DAC-9F4B-1EB8E6699F1F}.Release|Win32.ActiveCfg = Release|Win32
		{B05A25E5-5F87-3DAC-9F4B-1EB8E6699F1F}.Release|Win32.Build.0 = Release|Win32
		{B05A25E5-5F87-3DAC-9F4B-1EB8E6699F1F}.MinSizeRel|Win32.ActiveCfg = MinSizeRel|Win32
		{B05A25E5-5F87-3DAC-9F4B-1EB8E6699F1F}.MinSizeRel|Win32.Build.0 = MinSizeRel|Win32
		{B05A25E5-5F87-3DAC-9F4B-1EB8E6699F1F}.RelWithDebInfo|Win32.ActiveCfg = RelWithDebInfo|Win32
		{B05A25E5-5F87-3DAC-9F4B-1EB8E6699F1F}.RelWithDebInfo|Win32.Build.0 = RelWithDebInfo|Win32
		{DCE4B4E1-466B-3A31-A2B7-04D587E1FC52}.Debug|Win32.ActiveCfg = Debug|Win32
		{DCE4B4E1-466B-3A31-A2B7-04D587E1FC52}.Debug|Win32.Build.0 = Debug|Win32
		{DCE4B4E1-466B-3A31-A2B7-04D587E1FC52}.Release|Win32.ActiveCfg = Release|Win32
		{DCE4B4E1-466B-3A31-A2B7-04D587E1FC52}.Release|Win32.Build.0 = Release|Win32
		{DCE4B4E1-466B-3A31-A2B7-04D587E1FC52}.MinSizeRel|Win32.ActiveCfg = MinSizeRel|Win32
		{DCE4B4E1-466B-3A31-A2B7-04D587E1FC52}.MinSizeRel|Win32.Build.0 = MinSizeRel|Win32
		{DCE4B4E1-466B-3A31-A2B7-04D587E1FC52}.RelWithDebInfo|Win32.ActiveCfg = RelWithDebInfo|Win32
		{DCE4B4E1-466B-3A31-A2B7-04D587E1FC52}.RelWithDebInfo|Win32.Build.0 = RelWithDebInfo|Win32
		{9689BED8-AD9E-37FA-A6FE-CD08EC0E77CD}.Debug|Win32.ActiveCfg = Debug|Win32
		{9689BED8-AD9E-37FA-A6FE-CD08EC0E77CD}.Debug|Win32.Build.0 = Debug|Win32
		{9689BED8-AD9E-37FA-A6FE-CD08EC0E77CD}.Release|Win32.ActiveCfg = Release|Win32
		{9689BED8-AD9E-37FA-A6FE-CD08EC0E77CD}.Release|Win32.Build.0 = Release|Win32
		{9689BED8-AD9E-37FA-A6FE-CD08EC0E77CD}.MinSizeRel|Win32.ActiveCfg = MinSizeRel|Win32
		{9689BED8-AD9E-37FA-A6FE-CD08EC0E77CD}.MinSizeRel|Win32.Build.0 = MinSizeRel|Win32
		{9689BED8-AD9E-37FA-A6FE-CD08EC0E77CD}.RelWithDebInfo|Win32.ActiveCfg = RelWithDebInfo|Win32
		{9689BED8-AD9E-37FA-A6FE-CD08EC0E77CD}.RelWithDebInfo|Win32.Build.0 = RelWithDebInfo|Win32
		{CAD52691-0AE2-3391-B9AB-47F0614043F9}.Debug|Win32.ActiveCfg = Debug|Win32
		{CAD52691-0AE2-3391-B9AB-47F0614043F9}.Debug|Win32.Build.0 = Debug|Win32
		{CAD52691-0AE2-3391-B9AB-47F0614043F9}.Release|Win32.ActiveCfg = Release|Win32
		{CAD52691-0AE2-3391-B9AB-47F0614043F9}.Release|Win32.Build.0 = Release|Win32
		{CAD52691-0AE2-3391-B9AB-47F0614043F9}.MinSizeRel|Win32.ActiveCfg = MinSizeRel|Win32
		{CAD52691-0AE2-3391-B9AB-47F0614043F9}.MinSizeRel|Win32.Build.0 = MinSizeRel|Win32
		{CAD52691-0AE2-3391-B9AB-47F0614043F9}.RelWithDebInfo|Win32.ActiveCfg = RelWithDebInfo|Win32
		{CAD52691-0AE2-3391-B9AB-47F0614043F9}.RelWithDebInfo|Win32.Build.0 = RelWithDebInfo|Win32
	EndGlobalSection
	GlobalSection(ExtensibilityGlobals) = postSolution
	EndGlobalSection
	GlobalSection(ExtensibilityAddIns) = postSolution
	EndGlobalSection
EndGlobal
